// !$*UTF8*$!
{
	archiveVersion = 1;
	classes = {
	};
	objectVersion = 56;
	objects = {

/* Begin PBXBuildFile section */
		507B87752A825417004D3DBE /* Comments.storyboard in Resources */ = {isa = PBXBuildFile; fileRef = 507B87742A825417004D3DBE /* Comments.storyboard */; };
		507B87772A82542B004D3DBE /* Share.storyboard in Resources */ = {isa = PBXBuildFile; fileRef = 507B87762A82542B004D3DBE /* Share.storyboard */; };
		507B87842A825567004D3DBE /* CommentsViewController.swift in Sources */ = {isa = PBXBuildFile; fileRef = 507B87832A825567004D3DBE /* CommentsViewController.swift */; };
		507B87902A825576004D3DBE /* ShareViewController.swift in Sources */ = {isa = PBXBuildFile; fileRef = 507B87862A825576004D3DBE /* ShareViewController.swift */; };
		507B87912A825576004D3DBE /* SharingOptionCollectionViewCell.swift in Sources */ = {isa = PBXBuildFile; fileRef = 507B87892A825576004D3DBE /* SharingOptionCollectionViewCell.swift */; };
		507B87922A825576004D3DBE /* SharingOptionCollectionViewCell.xib in Resources */ = {isa = PBXBuildFile; fileRef = 507B878A2A825576004D3DBE /* SharingOptionCollectionViewCell.xib */; };
		507B87932A825576004D3DBE /* ShareToUserTableViewCell.swift in Sources */ = {isa = PBXBuildFile; fileRef = 507B878C2A825576004D3DBE /* ShareToUserTableViewCell.swift */; };
		507B87942A825576004D3DBE /* ShareToUserTableViewCell.xib in Resources */ = {isa = PBXBuildFile; fileRef = 507B878D2A825576004D3DBE /* ShareToUserTableViewCell.xib */; };
		507B87952A825576004D3DBE /* ShareUserModel.swift in Sources */ = {isa = PBXBuildFile; fileRef = 507B878F2A825576004D3DBE /* ShareUserModel.swift */; };
		507B87972A82559C004D3DBE /* UIViewExtension.swift in Sources */ = {isa = PBXBuildFile; fileRef = 507B87962A82559C004D3DBE /* UIViewExtension.swift */; };
		507B87A12A826D83004D3DBE /* CommentTableViewCell.swift in Sources */ = {isa = PBXBuildFile; fileRef = 507B879F2A826D83004D3DBE /* CommentTableViewCell.swift */; };
		507B87A22A826D83004D3DBE /* CommentTableViewCell.xib in Resources */ = {isa = PBXBuildFile; fileRef = 507B87A02A826D83004D3DBE /* CommentTableViewCell.xib */; };
		507B87A52A827CB3004D3DBE /* CommentDataModel.swift in Sources */ = {isa = PBXBuildFile; fileRef = 507B87A42A827CB3004D3DBE /* CommentDataModel.swift */; };
		5091A6EE2A7108820091197E /* CreateNewTripTableViewCell.swift in Sources */ = {isa = PBXBuildFile; fileRef = 5091A6EC2A7108820091197E /* CreateNewTripTableViewCell.swift */; };
		5091A6EF2A7108820091197E /* CreateNewTripTableViewCell.xib in Resources */ = {isa = PBXBuildFile; fileRef = 5091A6ED2A7108820091197E /* CreateNewTripTableViewCell.xib */; };
		5091CD702A7A3472005D9A28 /* heart.json in Resources */ = {isa = PBXBuildFile; fileRef = 5091CD6F2A7A3472005D9A28 /* heart.json */; };
		5091CD722A7A3533005D9A28 /* HomeCityModel.swift in Sources */ = {isa = PBXBuildFile; fileRef = 5091CD712A7A3533005D9A28 /* HomeCityModel.swift */; };
		5091CD742A7A35ED005D9A28 /* TopTripModel.swift in Sources */ = {isa = PBXBuildFile; fileRef = 5091CD732A7A35ED005D9A28 /* TopTripModel.swift */; };
		5091CD762A7A3682005D9A28 /* MomentModel.swift in Sources */ = {isa = PBXBuildFile; fileRef = 5091CD752A7A3682005D9A28 /* MomentModel.swift */; };
		5091CD782A7A4A0E005D9A28 /* HomeDataModel.swift in Sources */ = {isa = PBXBuildFile; fileRef = 5091CD772A7A4A0E005D9A28 /* HomeDataModel.swift */; };
		5091CD7A2A7A95A2005D9A28 /* likeAnimation.json in Resources */ = {isa = PBXBuildFile; fileRef = 5091CD792A7A95A2005D9A28 /* likeAnimation.json */; };
		5091CD7D2A7A9EC5005D9A28 /* Kingfisher in Frameworks */ = {isa = PBXBuildFile; productRef = 5091CD7C2A7A9EC5005D9A28 /* Kingfisher */; };
		5091CD872A7AA1A4005D9A28 /* Moment8.jpg in Resources */ = {isa = PBXBuildFile; fileRef = 5091CD7E2A7AA1A3005D9A28 /* Moment8.jpg */; };
		5091CD882A7AA1A4005D9A28 /* Moment7.jpg in Resources */ = {isa = PBXBuildFile; fileRef = 5091CD7F2A7AA1A3005D9A28 /* Moment7.jpg */; };
		5091CD892A7AA1A4005D9A28 /* Moment2.jpg in Resources */ = {isa = PBXBuildFile; fileRef = 5091CD802A7AA1A3005D9A28 /* Moment2.jpg */; };
		5091CD8A2A7AA1A4005D9A28 /* Moment9.jpg in Resources */ = {isa = PBXBuildFile; fileRef = 5091CD812A7AA1A3005D9A28 /* Moment9.jpg */; };
		5091CD8B2A7AA1A4005D9A28 /* Moment5.jpg in Resources */ = {isa = PBXBuildFile; fileRef = 5091CD822A7AA1A3005D9A28 /* Moment5.jpg */; };
		5091CD8C2A7AA1A4005D9A28 /* Moment3.jpg in Resources */ = {isa = PBXBuildFile; fileRef = 5091CD832A7AA1A3005D9A28 /* Moment3.jpg */; };
		5091CD8D2A7AA1A4005D9A28 /* Moment1.jpg in Resources */ = {isa = PBXBuildFile; fileRef = 5091CD842A7AA1A3005D9A28 /* Moment1.jpg */; };
		5091CD8E2A7AA1A4005D9A28 /* Moment6.jpg in Resources */ = {isa = PBXBuildFile; fileRef = 5091CD852A7AA1A4005D9A28 /* Moment6.jpg */; };
		5091CD8F2A7AA1A4005D9A28 /* Moment4.jpg in Resources */ = {isa = PBXBuildFile; fileRef = 5091CD862A7AA1A4005D9A28 /* Moment4.jpg */; };
		5091CD942A7AA25F005D9A28 /* Delhi.jpg in Resources */ = {isa = PBXBuildFile; fileRef = 5091CD932A7AA25F005D9A28 /* Delhi.jpg */; };
		5091CD992A7AA289005D9A28 /* NewYork.jpg in Resources */ = {isa = PBXBuildFile; fileRef = 5091CD952A7AA289005D9A28 /* NewYork.jpg */; };
		5091CD9A2A7AA289005D9A28 /* Seoul.jpg in Resources */ = {isa = PBXBuildFile; fileRef = 5091CD962A7AA289005D9A28 /* Seoul.jpg */; };
		5091CD9B2A7AA289005D9A28 /* Paris.jpg in Resources */ = {isa = PBXBuildFile; fileRef = 5091CD972A7AA289005D9A28 /* Paris.jpg */; };
		5091CD9C2A7AA289005D9A28 /* Moscow.jpg in Resources */ = {isa = PBXBuildFile; fileRef = 5091CD982A7AA289005D9A28 /* Moscow.jpg */; };
		5091CDA32A7AA2BA005D9A28 /* TripImage3.jpg in Resources */ = {isa = PBXBuildFile; fileRef = 5091CD9D2A7AA2BA005D9A28 /* TripImage3.jpg */; };
		5091CDA42A7AA2BA005D9A28 /* TripImage2.jpg in Resources */ = {isa = PBXBuildFile; fileRef = 5091CD9E2A7AA2BA005D9A28 /* TripImage2.jpg */; };
		5091CDA52A7AA2BA005D9A28 /* TripImage4.jpg in Resources */ = {isa = PBXBuildFile; fileRef = 5091CD9F2A7AA2BA005D9A28 /* TripImage4.jpg */; };
		5091CDA62A7AA2BA005D9A28 /* TripImage1.jpg in Resources */ = {isa = PBXBuildFile; fileRef = 5091CDA02A7AA2BA005D9A28 /* TripImage1.jpg */; };
		5091CDA72A7AA2BA005D9A28 /* TripImage5.jpg in Resources */ = {isa = PBXBuildFile; fileRef = 5091CDA12A7AA2BA005D9A28 /* TripImage5.jpg */; };
		5091CDA82A7AA2BA005D9A28 /* TripImage6.jpg in Resources */ = {isa = PBXBuildFile; fileRef = 5091CDA22A7AA2BA005D9A28 /* TripImage6.jpg */; };
		509921F22A7CDC8A004B0BD1 /* TrippiTabBarViewController.swift in Sources */ = {isa = PBXBuildFile; fileRef = 509921F12A7CDC8A004B0BD1 /* TrippiTabBarViewController.swift */; };
		509921F42A7CDC9A004B0BD1 /* TrippiTabBar.storyboard in Resources */ = {isa = PBXBuildFile; fileRef = 509921F32A7CDC9A004B0BD1 /* TrippiTabBar.storyboard */; };
		509921F82A7CFC85004B0BD1 /* TrippiTabBarItemCollectionViewCell.swift in Sources */ = {isa = PBXBuildFile; fileRef = 509921F62A7CFC85004B0BD1 /* TrippiTabBarItemCollectionViewCell.swift */; };
		509921F92A7CFC85004B0BD1 /* TrippiTabBarItemCollectionViewCell.xib in Resources */ = {isa = PBXBuildFile; fileRef = 509921F72A7CFC85004B0BD1 /* TrippiTabBarItemCollectionViewCell.xib */; };
		509921FB2A7CFDCA004B0BD1 /* Discovery.storyboard in Resources */ = {isa = PBXBuildFile; fileRef = 509921FA2A7CFDCA004B0BD1 /* Discovery.storyboard */; };
		509921FE2A7CFDE8004B0BD1 /* DiscoveryViewController.swift in Sources */ = {isa = PBXBuildFile; fileRef = 509921FD2A7CFDE8004B0BD1 /* DiscoveryViewController.swift */; };
		509922002A7CFE0D004B0BD1 /* Profile.storyboard in Resources */ = {isa = PBXBuildFile; fileRef = 509921FF2A7CFE0D004B0BD1 /* Profile.storyboard */; };
		509922022A7CFE1F004B0BD1 /* ProfileViewController.swift in Sources */ = {isa = PBXBuildFile; fileRef = 509922012A7CFE1F004B0BD1 /* ProfileViewController.swift */; };
		509922052A7D0AD3004B0BD1 /* TrippiTabBarItem.swift in Sources */ = {isa = PBXBuildFile; fileRef = 509922042A7D0AD3004B0BD1 /* TrippiTabBarItem.swift */; };
		5099220B2A7D2A15004B0BD1 /* SplashViewController.swift in Sources */ = {isa = PBXBuildFile; fileRef = 5099220A2A7D2A15004B0BD1 /* SplashViewController.swift */; };
		5099220D2A7D2AA1004B0BD1 /* Splash.storyboard in Resources */ = {isa = PBXBuildFile; fileRef = 5099220C2A7D2AA1004B0BD1 /* Splash.storyboard */; };
		509E2DFB2A77AB6E00638F06 /* Fastis in Frameworks */ = {isa = PBXBuildFile; productRef = 509E2DFA2A77AB6E00638F06 /* Fastis */; };
		509E2DFD2A77AE6700638F06 /* UIcolor+Extension.swift in Sources */ = {isa = PBXBuildFile; fileRef = 509E2DFC2A77AE6700638F06 /* UIcolor+Extension.swift */; };
		509E2E002A77C5AD00638F06 /* SearchPlace.storyboard in Resources */ = {isa = PBXBuildFile; fileRef = 509E2DFF2A77C5AD00638F06 /* SearchPlace.storyboard */; };
		509E2E022A77C5C200638F06 /* SearchPlaceViewController.swift in Sources */ = {isa = PBXBuildFile; fileRef = 509E2E012A77C5C200638F06 /* SearchPlaceViewController.swift */; };
		50A2C8412A7230920096850D /* CreateTripViewController.swift in Sources */ = {isa = PBXBuildFile; fileRef = 50A2C8402A7230920096850D /* CreateTripViewController.swift */; };
		50A2C8432A72309E0096850D /* CreateTrip.storyboard in Resources */ = {isa = PBXBuildFile; fileRef = 50A2C8422A72309E0096850D /* CreateTrip.storyboard */; };
		50A32F812A8370E90017191B /* Trip.storyboard in Resources */ = {isa = PBXBuildFile; fileRef = 50A32F802A8370E90017191B /* Trip.storyboard */; };
		50A32F842A83713D0017191B /* TripViewController.swift in Sources */ = {isa = PBXBuildFile; fileRef = 50A32F832A83713D0017191B /* TripViewController.swift */; };
		50A32F872A83A9170017191B /* TripDataModel.swift in Sources */ = {isa = PBXBuildFile; fileRef = 50A32F862A83A9170017191B /* TripDataModel.swift */; };
		50A32F902A83AE290017191B /* TripHeaderTableViewCell.swift in Sources */ = {isa = PBXBuildFile; fileRef = 50A32F8E2A83AE290017191B /* TripHeaderTableViewCell.swift */; };
		50A32F912A83AE290017191B /* TripHeaderTableViewCell.xib in Resources */ = {isa = PBXBuildFile; fileRef = 50A32F8F2A83AE290017191B /* TripHeaderTableViewCell.xib */; };
		50A32F922A83B24D0017191B /* Montserrat-VariableFont_wght.ttf in Resources */ = {isa = PBXBuildFile; fileRef = 50BB53742A6A7595000DE037 /* Montserrat-VariableFont_wght.ttf */; };
		50A4027D2A7BA36F0019F8EC /* HasButtonVibration.swift in Sources */ = {isa = PBXBuildFile; fileRef = 50A4027C2A7BA36F0019F8EC /* HasButtonVibration.swift */; };
		50A4027F2A7BB4990019F8EC /* UIButtonExtension.swift in Sources */ = {isa = PBXBuildFile; fileRef = 50A4027E2A7BB4990019F8EC /* UIButtonExtension.swift */; };
		50AF64BE2A6FC5AE005FFAB8 /* SettingTableViewCell.swift in Sources */ = {isa = PBXBuildFile; fileRef = 50AF64BC2A6FC5AE005FFAB8 /* SettingTableViewCell.swift */; };
		50AF64BF2A6FC5AE005FFAB8 /* SettingTableViewCell.xib in Resources */ = {isa = PBXBuildFile; fileRef = 50AF64BD2A6FC5AE005FFAB8 /* SettingTableViewCell.xib */; };
		50AF64C12A6FFD7E005FFAB8 /* SettingsModel.swift in Sources */ = {isa = PBXBuildFile; fileRef = 50AF64C02A6FFD7E005FFAB8 /* SettingsModel.swift */; };
		50AF64C52A701421005FFAB8 /* Animator.swift in Sources */ = {isa = PBXBuildFile; fileRef = 50AF64C42A701421005FFAB8 /* Animator.swift */; };
		50BB53412A6A7289000DE037 /* AppDelegate.swift in Sources */ = {isa = PBXBuildFile; fileRef = 50BB53402A6A7289000DE037 /* AppDelegate.swift */; };
		50BB53432A6A7289000DE037 /* SceneDelegate.swift in Sources */ = {isa = PBXBuildFile; fileRef = 50BB53422A6A7289000DE037 /* SceneDelegate.swift */; };
		50BB53452A6A7289000DE037 /* OnBoardingViewController.swift in Sources */ = {isa = PBXBuildFile; fileRef = 50BB53442A6A7289000DE037 /* OnBoardingViewController.swift */; };
		50BB53482A6A7289000DE037 /* OnBoarding.storyboard in Resources */ = {isa = PBXBuildFile; fileRef = 50BB53462A6A7289000DE037 /* OnBoarding.storyboard */; };
		50BB534A2A6A728B000DE037 /* Assets.xcassets in Resources */ = {isa = PBXBuildFile; fileRef = 50BB53492A6A728B000DE037 /* Assets.xcassets */; };
		50BB534D2A6A728B000DE037 /* LaunchScreen.storyboard in Resources */ = {isa = PBXBuildFile; fileRef = 50BB534B2A6A728B000DE037 /* LaunchScreen.storyboard */; };
		50BB53582A6A728B000DE037 /* TrippiTests.swift in Sources */ = {isa = PBXBuildFile; fileRef = 50BB53572A6A728B000DE037 /* TrippiTests.swift */; };
		50BB53622A6A728B000DE037 /* TrippiUITests.swift in Sources */ = {isa = PBXBuildFile; fileRef = 50BB53612A6A728B000DE037 /* TrippiUITests.swift */; };
		50BB53642A6A728B000DE037 /* TrippiUITestsLaunchTests.swift in Sources */ = {isa = PBXBuildFile; fileRef = 50BB53632A6A728B000DE037 /* TrippiUITestsLaunchTests.swift */; };
		50BB53782A6A781A000DE037 /* Constants.swift in Sources */ = {isa = PBXBuildFile; fileRef = 50BB53772A6A781A000DE037 /* Constants.swift */; };
		50BB537B2A6A78CD000DE037 /* TrippiStoryboards.swift in Sources */ = {isa = PBXBuildFile; fileRef = 50BB537A2A6A78CD000DE037 /* TrippiStoryboards.swift */; };
		50BB537D2A6A790C000DE037 /* Home.storyboard in Resources */ = {isa = PBXBuildFile; fileRef = 50BB537C2A6A790C000DE037 /* Home.storyboard */; };
		50BB537F2A6A7CB9000DE037 /* HomeViewController.swift in Sources */ = {isa = PBXBuildFile; fileRef = 50BB537E2A6A7CB9000DE037 /* HomeViewController.swift */; };
		50BB53822A6A8825000DE037 /* UIViewControllerExtension.swift in Sources */ = {isa = PBXBuildFile; fileRef = 50BB53812A6A8825000DE037 /* UIViewControllerExtension.swift */; };
		50BB53862A6A8C1F000DE037 /* HomeViewModel.swift in Sources */ = {isa = PBXBuildFile; fileRef = 50BB53852A6A8C1F000DE037 /* HomeViewModel.swift */; };
		50BB53902A6A9641000DE037 /* CitiesForYouTableViewCell.swift in Sources */ = {isa = PBXBuildFile; fileRef = 50BB538E2A6A9641000DE037 /* CitiesForYouTableViewCell.swift */; };
		50BB53912A6A9641000DE037 /* CitiesForYouTableViewCell.xib in Resources */ = {isa = PBXBuildFile; fileRef = 50BB538F2A6A9641000DE037 /* CitiesForYouTableViewCell.xib */; };
		50BB53A02A6ABC1B000DE037 /* CityCollectionViewCell.swift in Sources */ = {isa = PBXBuildFile; fileRef = 50BB539E2A6ABC1B000DE037 /* CityCollectionViewCell.swift */; };
		50BB53A12A6ABC1B000DE037 /* CityCollectionViewCell.xib in Resources */ = {isa = PBXBuildFile; fileRef = 50BB539F2A6ABC1B000DE037 /* CityCollectionViewCell.xib */; };
		50BE53042A79319600B445BB /* MomentTableViewCell.swift in Sources */ = {isa = PBXBuildFile; fileRef = 50BE53022A79319600B445BB /* MomentTableViewCell.swift */; };
		50BE53052A79319600B445BB /* MomentTableViewCell.xib in Resources */ = {isa = PBXBuildFile; fileRef = 50BE53032A79319600B445BB /* MomentTableViewCell.xib */; };
		50BE53072A7946D600B445BB /* NSObject+Extension.swift in Sources */ = {isa = PBXBuildFile; fileRef = 50BE53062A7946D600B445BB /* NSObject+Extension.swift */; };
		50BE53092A794A7B00B445BB /* likeAnimation1.json in Resources */ = {isa = PBXBuildFile; fileRef = 50BE53082A794A7B00B445BB /* likeAnimation1.json */; };
		50BF321F2A73C10400F7CD28 /* TopJourneysTableViewCell.swift in Sources */ = {isa = PBXBuildFile; fileRef = 50BF321D2A73C10400F7CD28 /* TopJourneysTableViewCell.swift */; };
		50BF32202A73C10400F7CD28 /* TopJourneysTableViewCell.xib in Resources */ = {isa = PBXBuildFile; fileRef = 50BF321E2A73C10400F7CD28 /* TopJourneysTableViewCell.xib */; };
		50BF32232A73CB4900F7CD28 /* TopJourneysCollectionViewCell.swift in Sources */ = {isa = PBXBuildFile; fileRef = 50BF32212A73CB4900F7CD28 /* TopJourneysCollectionViewCell.swift */; };
		50BF32242A73CB4900F7CD28 /* TopJourneysCollectionViewCell.xib in Resources */ = {isa = PBXBuildFile; fileRef = 50BF32222A73CB4900F7CD28 /* TopJourneysCollectionViewCell.xib */; };
		50C3D09E2A6E5FFA00DDED53 /* Setting.storyboard in Resources */ = {isa = PBXBuildFile; fileRef = 50C3D09D2A6E5FFA00DDED53 /* Setting.storyboard */; };
		50C3D0A02A6E613800DDED53 /* SettingViewController.swift in Sources */ = {isa = PBXBuildFile; fileRef = 50C3D09F2A6E613800DDED53 /* SettingViewController.swift */; };
		50C3D0A32A6EADCA00DDED53 /* ReversedGeoLocation.swift in Sources */ = {isa = PBXBuildFile; fileRef = 50C3D0A22A6EADCA00DDED53 /* ReversedGeoLocation.swift */; };
		50C3D0A52A6EB66800DDED53 /* UIImageViewExtension.swift in Sources */ = {isa = PBXBuildFile; fileRef = 50C3D0A42A6EB66800DDED53 /* UIImageViewExtension.swift */; };
		50C3D0AD2A6EBAFC00DDED53 /* Lottie in Frameworks */ = {isa = PBXBuildFile; productRef = 50C3D0AC2A6EBAFC00DDED53 /* Lottie */; };
		50C3D0B02A6EBB3B00DDED53 /* unknownLocation.json in Resources */ = {isa = PBXBuildFile; fileRef = 50C3D0AF2A6EBB3B00DDED53 /* unknownLocation.json */; };
		78FDE5852A744DC800AA5C6E /* SignUp.storyboard in Resources */ = {isa = PBXBuildFile; fileRef = 78FDE5842A744DC800AA5C6E /* SignUp.storyboard */; };
/* End PBXBuildFile section */

/* Begin PBXContainerItemProxy section */
		50BB53542A6A728B000DE037 /* PBXContainerItemProxy */ = {
			isa = PBXContainerItemProxy;
			containerPortal = 50BB53352A6A7289000DE037 /* Project object */;
			proxyType = 1;
			remoteGlobalIDString = 50BB533C2A6A7289000DE037;
			remoteInfo = Trippi;
		};
		50BB535E2A6A728B000DE037 /* PBXContainerItemProxy */ = {
			isa = PBXContainerItemProxy;
			containerPortal = 50BB53352A6A7289000DE037 /* Project object */;
			proxyType = 1;
			remoteGlobalIDString = 50BB533C2A6A7289000DE037;
			remoteInfo = Trippi;
		};
/* End PBXContainerItemProxy section */

/* Begin PBXFileReference section */
		507B87742A825417004D3DBE /* Comments.storyboard */ = {isa = PBXFileReference; fileEncoding = 4; lastKnownFileType = file.storyboard; path = Comments.storyboard; sourceTree = "<group>"; };
		507B87762A82542B004D3DBE /* Share.storyboard */ = {isa = PBXFileReference; fileEncoding = 4; lastKnownFileType = file.storyboard; path = Share.storyboard; sourceTree = "<group>"; };
		507B87832A825567004D3DBE /* CommentsViewController.swift */ = {isa = PBXFileReference; fileEncoding = 4; lastKnownFileType = sourcecode.swift; path = CommentsViewController.swift; sourceTree = "<group>"; };
		507B87862A825576004D3DBE /* ShareViewController.swift */ = {isa = PBXFileReference; fileEncoding = 4; lastKnownFileType = sourcecode.swift; path = ShareViewController.swift; sourceTree = "<group>"; };
		507B87892A825576004D3DBE /* SharingOptionCollectionViewCell.swift */ = {isa = PBXFileReference; fileEncoding = 4; lastKnownFileType = sourcecode.swift; path = SharingOptionCollectionViewCell.swift; sourceTree = "<group>"; };
		507B878A2A825576004D3DBE /* SharingOptionCollectionViewCell.xib */ = {isa = PBXFileReference; fileEncoding = 4; lastKnownFileType = file.xib; path = SharingOptionCollectionViewCell.xib; sourceTree = "<group>"; };
		507B878C2A825576004D3DBE /* ShareToUserTableViewCell.swift */ = {isa = PBXFileReference; fileEncoding = 4; lastKnownFileType = sourcecode.swift; path = ShareToUserTableViewCell.swift; sourceTree = "<group>"; };
		507B878D2A825576004D3DBE /* ShareToUserTableViewCell.xib */ = {isa = PBXFileReference; fileEncoding = 4; lastKnownFileType = file.xib; path = ShareToUserTableViewCell.xib; sourceTree = "<group>"; };
		507B878F2A825576004D3DBE /* ShareUserModel.swift */ = {isa = PBXFileReference; fileEncoding = 4; lastKnownFileType = sourcecode.swift; path = ShareUserModel.swift; sourceTree = "<group>"; };
		507B87962A82559C004D3DBE /* UIViewExtension.swift */ = {isa = PBXFileReference; fileEncoding = 4; lastKnownFileType = sourcecode.swift; path = UIViewExtension.swift; sourceTree = "<group>"; };
		507B879F2A826D83004D3DBE /* CommentTableViewCell.swift */ = {isa = PBXFileReference; lastKnownFileType = sourcecode.swift; path = CommentTableViewCell.swift; sourceTree = "<group>"; };
		507B87A02A826D83004D3DBE /* CommentTableViewCell.xib */ = {isa = PBXFileReference; lastKnownFileType = file.xib; path = CommentTableViewCell.xib; sourceTree = "<group>"; };
		507B87A42A827CB3004D3DBE /* CommentDataModel.swift */ = {isa = PBXFileReference; lastKnownFileType = sourcecode.swift; path = CommentDataModel.swift; sourceTree = "<group>"; };
		5091A6EC2A7108820091197E /* CreateNewTripTableViewCell.swift */ = {isa = PBXFileReference; lastKnownFileType = sourcecode.swift; path = CreateNewTripTableViewCell.swift; sourceTree = "<group>"; };
		5091A6ED2A7108820091197E /* CreateNewTripTableViewCell.xib */ = {isa = PBXFileReference; lastKnownFileType = file.xib; path = CreateNewTripTableViewCell.xib; sourceTree = "<group>"; };
		5091CD6F2A7A3472005D9A28 /* heart.json */ = {isa = PBXFileReference; fileEncoding = 4; lastKnownFileType = text.json; path = heart.json; sourceTree = "<group>"; };
		5091CD712A7A3533005D9A28 /* HomeCityModel.swift */ = {isa = PBXFileReference; lastKnownFileType = sourcecode.swift; path = HomeCityModel.swift; sourceTree = "<group>"; };
		5091CD732A7A35ED005D9A28 /* TopTripModel.swift */ = {isa = PBXFileReference; lastKnownFileType = sourcecode.swift; path = TopTripModel.swift; sourceTree = "<group>"; };
		5091CD752A7A3682005D9A28 /* MomentModel.swift */ = {isa = PBXFileReference; lastKnownFileType = sourcecode.swift; path = MomentModel.swift; sourceTree = "<group>"; };
		5091CD772A7A4A0E005D9A28 /* HomeDataModel.swift */ = {isa = PBXFileReference; lastKnownFileType = sourcecode.swift; path = HomeDataModel.swift; sourceTree = "<group>"; };
		5091CD792A7A95A2005D9A28 /* likeAnimation.json */ = {isa = PBXFileReference; fileEncoding = 4; lastKnownFileType = text.json; path = likeAnimation.json; sourceTree = "<group>"; };
		5091CD7E2A7AA1A3005D9A28 /* Moment8.jpg */ = {isa = PBXFileReference; lastKnownFileType = image.jpeg; path = Moment8.jpg; sourceTree = "<group>"; };
		5091CD7F2A7AA1A3005D9A28 /* Moment7.jpg */ = {isa = PBXFileReference; lastKnownFileType = image.jpeg; path = Moment7.jpg; sourceTree = "<group>"; };
		5091CD802A7AA1A3005D9A28 /* Moment2.jpg */ = {isa = PBXFileReference; lastKnownFileType = image.jpeg; path = Moment2.jpg; sourceTree = "<group>"; };
		5091CD812A7AA1A3005D9A28 /* Moment9.jpg */ = {isa = PBXFileReference; lastKnownFileType = image.jpeg; path = Moment9.jpg; sourceTree = "<group>"; };
		5091CD822A7AA1A3005D9A28 /* Moment5.jpg */ = {isa = PBXFileReference; lastKnownFileType = image.jpeg; path = Moment5.jpg; sourceTree = "<group>"; };
		5091CD832A7AA1A3005D9A28 /* Moment3.jpg */ = {isa = PBXFileReference; lastKnownFileType = image.jpeg; path = Moment3.jpg; sourceTree = "<group>"; };
		5091CD842A7AA1A3005D9A28 /* Moment1.jpg */ = {isa = PBXFileReference; lastKnownFileType = image.jpeg; path = Moment1.jpg; sourceTree = "<group>"; };
		5091CD852A7AA1A4005D9A28 /* Moment6.jpg */ = {isa = PBXFileReference; lastKnownFileType = image.jpeg; path = Moment6.jpg; sourceTree = "<group>"; };
		5091CD862A7AA1A4005D9A28 /* Moment4.jpg */ = {isa = PBXFileReference; lastKnownFileType = image.jpeg; path = Moment4.jpg; sourceTree = "<group>"; };
		5091CD932A7AA25F005D9A28 /* Delhi.jpg */ = {isa = PBXFileReference; lastKnownFileType = image.jpeg; name = Delhi.jpg; path = Trippi/Images/Cities/Delhi.jpg; sourceTree = SOURCE_ROOT; };
		5091CD952A7AA289005D9A28 /* NewYork.jpg */ = {isa = PBXFileReference; lastKnownFileType = image.jpeg; path = NewYork.jpg; sourceTree = "<group>"; };
		5091CD962A7AA289005D9A28 /* Seoul.jpg */ = {isa = PBXFileReference; lastKnownFileType = image.jpeg; path = Seoul.jpg; sourceTree = "<group>"; };
		5091CD972A7AA289005D9A28 /* Paris.jpg */ = {isa = PBXFileReference; lastKnownFileType = image.jpeg; path = Paris.jpg; sourceTree = "<group>"; };
		5091CD982A7AA289005D9A28 /* Moscow.jpg */ = {isa = PBXFileReference; lastKnownFileType = image.jpeg; path = Moscow.jpg; sourceTree = "<group>"; };
		5091CD9D2A7AA2BA005D9A28 /* TripImage3.jpg */ = {isa = PBXFileReference; lastKnownFileType = image.jpeg; path = TripImage3.jpg; sourceTree = "<group>"; };
		5091CD9E2A7AA2BA005D9A28 /* TripImage2.jpg */ = {isa = PBXFileReference; lastKnownFileType = image.jpeg; path = TripImage2.jpg; sourceTree = "<group>"; };
		5091CD9F2A7AA2BA005D9A28 /* TripImage4.jpg */ = {isa = PBXFileReference; lastKnownFileType = image.jpeg; path = TripImage4.jpg; sourceTree = "<group>"; };
		5091CDA02A7AA2BA005D9A28 /* TripImage1.jpg */ = {isa = PBXFileReference; lastKnownFileType = image.jpeg; path = TripImage1.jpg; sourceTree = "<group>"; };
		5091CDA12A7AA2BA005D9A28 /* TripImage5.jpg */ = {isa = PBXFileReference; lastKnownFileType = image.jpeg; path = TripImage5.jpg; sourceTree = "<group>"; };
		5091CDA22A7AA2BA005D9A28 /* TripImage6.jpg */ = {isa = PBXFileReference; lastKnownFileType = image.jpeg; path = TripImage6.jpg; sourceTree = "<group>"; };
		509921F12A7CDC8A004B0BD1 /* TrippiTabBarViewController.swift */ = {isa = PBXFileReference; lastKnownFileType = sourcecode.swift; path = TrippiTabBarViewController.swift; sourceTree = "<group>"; };
		509921F32A7CDC9A004B0BD1 /* TrippiTabBar.storyboard */ = {isa = PBXFileReference; lastKnownFileType = file.storyboard; path = TrippiTabBar.storyboard; sourceTree = "<group>"; };
		509921F62A7CFC85004B0BD1 /* TrippiTabBarItemCollectionViewCell.swift */ = {isa = PBXFileReference; lastKnownFileType = sourcecode.swift; path = TrippiTabBarItemCollectionViewCell.swift; sourceTree = "<group>"; };
		509921F72A7CFC85004B0BD1 /* TrippiTabBarItemCollectionViewCell.xib */ = {isa = PBXFileReference; lastKnownFileType = file.xib; path = TrippiTabBarItemCollectionViewCell.xib; sourceTree = "<group>"; };
		509921FA2A7CFDCA004B0BD1 /* Discovery.storyboard */ = {isa = PBXFileReference; lastKnownFileType = file.storyboard; path = Discovery.storyboard; sourceTree = "<group>"; };
		509921FD2A7CFDE8004B0BD1 /* DiscoveryViewController.swift */ = {isa = PBXFileReference; lastKnownFileType = sourcecode.swift; path = DiscoveryViewController.swift; sourceTree = "<group>"; };
		509921FF2A7CFE0D004B0BD1 /* Profile.storyboard */ = {isa = PBXFileReference; lastKnownFileType = file.storyboard; path = Profile.storyboard; sourceTree = "<group>"; };
		509922012A7CFE1F004B0BD1 /* ProfileViewController.swift */ = {isa = PBXFileReference; lastKnownFileType = sourcecode.swift; path = ProfileViewController.swift; sourceTree = "<group>"; };
		509922042A7D0AD3004B0BD1 /* TrippiTabBarItem.swift */ = {isa = PBXFileReference; lastKnownFileType = sourcecode.swift; path = TrippiTabBarItem.swift; sourceTree = "<group>"; };
		5099220A2A7D2A15004B0BD1 /* SplashViewController.swift */ = {isa = PBXFileReference; lastKnownFileType = sourcecode.swift; path = SplashViewController.swift; sourceTree = "<group>"; };
		5099220C2A7D2AA1004B0BD1 /* Splash.storyboard */ = {isa = PBXFileReference; lastKnownFileType = file.storyboard; path = Splash.storyboard; sourceTree = "<group>"; };
		509E2DFC2A77AE6700638F06 /* UIcolor+Extension.swift */ = {isa = PBXFileReference; lastKnownFileType = sourcecode.swift; path = "UIcolor+Extension.swift"; sourceTree = "<group>"; };
		509E2DFF2A77C5AD00638F06 /* SearchPlace.storyboard */ = {isa = PBXFileReference; lastKnownFileType = file.storyboard; path = SearchPlace.storyboard; sourceTree = "<group>"; };
		509E2E012A77C5C200638F06 /* SearchPlaceViewController.swift */ = {isa = PBXFileReference; lastKnownFileType = sourcecode.swift; path = SearchPlaceViewController.swift; sourceTree = "<group>"; };
		50A2C8402A7230920096850D /* CreateTripViewController.swift */ = {isa = PBXFileReference; lastKnownFileType = sourcecode.swift; path = CreateTripViewController.swift; sourceTree = "<group>"; };
		50A2C8422A72309E0096850D /* CreateTrip.storyboard */ = {isa = PBXFileReference; lastKnownFileType = file.storyboard; path = CreateTrip.storyboard; sourceTree = "<group>"; };
		50A32F802A8370E90017191B /* Trip.storyboard */ = {isa = PBXFileReference; lastKnownFileType = file.storyboard; path = Trip.storyboard; sourceTree = "<group>"; };
		50A32F832A83713D0017191B /* TripViewController.swift */ = {isa = PBXFileReference; lastKnownFileType = sourcecode.swift; path = TripViewController.swift; sourceTree = "<group>"; };
		50A32F862A83A9170017191B /* TripDataModel.swift */ = {isa = PBXFileReference; lastKnownFileType = sourcecode.swift; path = TripDataModel.swift; sourceTree = "<group>"; };
		50A32F8E2A83AE290017191B /* TripHeaderTableViewCell.swift */ = {isa = PBXFileReference; lastKnownFileType = sourcecode.swift; path = TripHeaderTableViewCell.swift; sourceTree = "<group>"; };
		50A32F8F2A83AE290017191B /* TripHeaderTableViewCell.xib */ = {isa = PBXFileReference; lastKnownFileType = file.xib; path = TripHeaderTableViewCell.xib; sourceTree = "<group>"; };
		50A4027C2A7BA36F0019F8EC /* HasButtonVibration.swift */ = {isa = PBXFileReference; lastKnownFileType = sourcecode.swift; path = HasButtonVibration.swift; sourceTree = "<group>"; };
		50A4027E2A7BB4990019F8EC /* UIButtonExtension.swift */ = {isa = PBXFileReference; lastKnownFileType = sourcecode.swift; path = UIButtonExtension.swift; sourceTree = "<group>"; };
		50AF64BC2A6FC5AE005FFAB8 /* SettingTableViewCell.swift */ = {isa = PBXFileReference; lastKnownFileType = sourcecode.swift; path = SettingTableViewCell.swift; sourceTree = "<group>"; };
		50AF64BD2A6FC5AE005FFAB8 /* SettingTableViewCell.xib */ = {isa = PBXFileReference; lastKnownFileType = file.xib; path = SettingTableViewCell.xib; sourceTree = "<group>"; };
		50AF64C02A6FFD7E005FFAB8 /* SettingsModel.swift */ = {isa = PBXFileReference; lastKnownFileType = sourcecode.swift; path = SettingsModel.swift; sourceTree = "<group>"; };
		50AF64C42A701421005FFAB8 /* Animator.swift */ = {isa = PBXFileReference; lastKnownFileType = sourcecode.swift; path = Animator.swift; sourceTree = "<group>"; };
		50BB533D2A6A7289000DE037 /* Trippi.app */ = {isa = PBXFileReference; explicitFileType = wrapper.application; includeInIndex = 0; path = Trippi.app; sourceTree = BUILT_PRODUCTS_DIR; };
		50BB53402A6A7289000DE037 /* AppDelegate.swift */ = {isa = PBXFileReference; lastKnownFileType = sourcecode.swift; path = AppDelegate.swift; sourceTree = "<group>"; };
		50BB53422A6A7289000DE037 /* SceneDelegate.swift */ = {isa = PBXFileReference; lastKnownFileType = sourcecode.swift; path = SceneDelegate.swift; sourceTree = "<group>"; };
		50BB53442A6A7289000DE037 /* OnBoardingViewController.swift */ = {isa = PBXFileReference; lastKnownFileType = sourcecode.swift; path = OnBoardingViewController.swift; sourceTree = "<group>"; };
		50BB53472A6A7289000DE037 /* Base */ = {isa = PBXFileReference; lastKnownFileType = file.storyboard; name = Base; path = Base.lproj/OnBoarding.storyboard; sourceTree = "<group>"; };
		50BB53492A6A728B000DE037 /* Assets.xcassets */ = {isa = PBXFileReference; lastKnownFileType = folder.assetcatalog; path = Assets.xcassets; sourceTree = "<group>"; };
		50BB534C2A6A728B000DE037 /* Base */ = {isa = PBXFileReference; lastKnownFileType = file.storyboard; name = Base; path = Base.lproj/LaunchScreen.storyboard; sourceTree = "<group>"; };
		50BB534E2A6A728B000DE037 /* Info.plist */ = {isa = PBXFileReference; lastKnownFileType = text.plist.xml; path = Info.plist; sourceTree = "<group>"; };
		50BB53532A6A728B000DE037 /* TrippiTests.xctest */ = {isa = PBXFileReference; explicitFileType = wrapper.cfbundle; includeInIndex = 0; path = TrippiTests.xctest; sourceTree = BUILT_PRODUCTS_DIR; };
		50BB53572A6A728B000DE037 /* TrippiTests.swift */ = {isa = PBXFileReference; lastKnownFileType = sourcecode.swift; path = TrippiTests.swift; sourceTree = "<group>"; };
		50BB535D2A6A728B000DE037 /* TrippiUITests.xctest */ = {isa = PBXFileReference; explicitFileType = wrapper.cfbundle; includeInIndex = 0; path = TrippiUITests.xctest; sourceTree = BUILT_PRODUCTS_DIR; };
		50BB53612A6A728B000DE037 /* TrippiUITests.swift */ = {isa = PBXFileReference; lastKnownFileType = sourcecode.swift; path = TrippiUITests.swift; sourceTree = "<group>"; };
		50BB53632A6A728B000DE037 /* TrippiUITestsLaunchTests.swift */ = {isa = PBXFileReference; lastKnownFileType = sourcecode.swift; path = TrippiUITestsLaunchTests.swift; sourceTree = "<group>"; };
		50BB53742A6A7595000DE037 /* Montserrat-VariableFont_wght.ttf */ = {isa = PBXFileReference; lastKnownFileType = file; path = "Montserrat-VariableFont_wght.ttf"; sourceTree = "<group>"; };
		50BB53772A6A781A000DE037 /* Constants.swift */ = {isa = PBXFileReference; lastKnownFileType = sourcecode.swift; path = Constants.swift; sourceTree = "<group>"; };
		50BB537A2A6A78CD000DE037 /* TrippiStoryboards.swift */ = {isa = PBXFileReference; lastKnownFileType = sourcecode.swift; path = TrippiStoryboards.swift; sourceTree = "<group>"; };
		50BB537C2A6A790C000DE037 /* Home.storyboard */ = {isa = PBXFileReference; lastKnownFileType = file.storyboard; path = Home.storyboard; sourceTree = "<group>"; };
		50BB537E2A6A7CB9000DE037 /* HomeViewController.swift */ = {isa = PBXFileReference; lastKnownFileType = sourcecode.swift; path = HomeViewController.swift; sourceTree = "<group>"; };
		50BB53812A6A8825000DE037 /* UIViewControllerExtension.swift */ = {isa = PBXFileReference; lastKnownFileType = sourcecode.swift; path = UIViewControllerExtension.swift; sourceTree = "<group>"; };
		50BB53852A6A8C1F000DE037 /* HomeViewModel.swift */ = {isa = PBXFileReference; lastKnownFileType = sourcecode.swift; path = HomeViewModel.swift; sourceTree = "<group>"; };
		50BB538E2A6A9641000DE037 /* CitiesForYouTableViewCell.swift */ = {isa = PBXFileReference; lastKnownFileType = sourcecode.swift; path = CitiesForYouTableViewCell.swift; sourceTree = "<group>"; };
		50BB538F2A6A9641000DE037 /* CitiesForYouTableViewCell.xib */ = {isa = PBXFileReference; lastKnownFileType = file.xib; path = CitiesForYouTableViewCell.xib; sourceTree = "<group>"; };
		50BB539E2A6ABC1B000DE037 /* CityCollectionViewCell.swift */ = {isa = PBXFileReference; lastKnownFileType = sourcecode.swift; path = CityCollectionViewCell.swift; sourceTree = "<group>"; };
		50BB539F2A6ABC1B000DE037 /* CityCollectionViewCell.xib */ = {isa = PBXFileReference; lastKnownFileType = file.xib; path = CityCollectionViewCell.xib; sourceTree = "<group>"; };
		50BE53022A79319600B445BB /* MomentTableViewCell.swift */ = {isa = PBXFileReference; lastKnownFileType = sourcecode.swift; path = MomentTableViewCell.swift; sourceTree = "<group>"; };
		50BE53032A79319600B445BB /* MomentTableViewCell.xib */ = {isa = PBXFileReference; lastKnownFileType = file.xib; path = MomentTableViewCell.xib; sourceTree = "<group>"; };
		50BE53062A7946D600B445BB /* NSObject+Extension.swift */ = {isa = PBXFileReference; lastKnownFileType = sourcecode.swift; path = "NSObject+Extension.swift"; sourceTree = "<group>"; };
		50BE53082A794A7B00B445BB /* likeAnimation1.json */ = {isa = PBXFileReference; fileEncoding = 4; lastKnownFileType = text.json; path = likeAnimation1.json; sourceTree = "<group>"; };
		50BF321D2A73C10400F7CD28 /* TopJourneysTableViewCell.swift */ = {isa = PBXFileReference; lastKnownFileType = sourcecode.swift; path = TopJourneysTableViewCell.swift; sourceTree = "<group>"; };
		50BF321E2A73C10400F7CD28 /* TopJourneysTableViewCell.xib */ = {isa = PBXFileReference; lastKnownFileType = file.xib; path = TopJourneysTableViewCell.xib; sourceTree = "<group>"; };
		50BF32212A73CB4900F7CD28 /* TopJourneysCollectionViewCell.swift */ = {isa = PBXFileReference; lastKnownFileType = sourcecode.swift; path = TopJourneysCollectionViewCell.swift; sourceTree = "<group>"; };
		50BF32222A73CB4900F7CD28 /* TopJourneysCollectionViewCell.xib */ = {isa = PBXFileReference; lastKnownFileType = file.xib; path = TopJourneysCollectionViewCell.xib; sourceTree = "<group>"; };
		50C3D09D2A6E5FFA00DDED53 /* Setting.storyboard */ = {isa = PBXFileReference; lastKnownFileType = file.storyboard; path = Setting.storyboard; sourceTree = "<group>"; };
		50C3D09F2A6E613800DDED53 /* SettingViewController.swift */ = {isa = PBXFileReference; lastKnownFileType = sourcecode.swift; path = SettingViewController.swift; sourceTree = "<group>"; };
		50C3D0A22A6EADCA00DDED53 /* ReversedGeoLocation.swift */ = {isa = PBXFileReference; lastKnownFileType = sourcecode.swift; path = ReversedGeoLocation.swift; sourceTree = "<group>"; };
		50C3D0A42A6EB66800DDED53 /* UIImageViewExtension.swift */ = {isa = PBXFileReference; lastKnownFileType = sourcecode.swift; path = UIImageViewExtension.swift; sourceTree = "<group>"; };
		50C3D0AF2A6EBB3B00DDED53 /* unknownLocation.json */ = {isa = PBXFileReference; fileEncoding = 4; lastKnownFileType = text.json; path = unknownLocation.json; sourceTree = "<group>"; };
		78FDE5842A744DC800AA5C6E /* SignUp.storyboard */ = {isa = PBXFileReference; lastKnownFileType = file.storyboard; path = SignUp.storyboard; sourceTree = "<group>"; };
/* End PBXFileReference section */

/* Begin PBXFrameworksBuildPhase section */
		50BB533A2A6A7289000DE037 /* Frameworks */ = {
			isa = PBXFrameworksBuildPhase;
			buildActionMask = 2147483647;
			files = (
				5091CD7D2A7A9EC5005D9A28 /* Kingfisher in Frameworks */,
				509E2DFB2A77AB6E00638F06 /* Fastis in Frameworks */,
				50C3D0AD2A6EBAFC00DDED53 /* Lottie in Frameworks */,
			);
			runOnlyForDeploymentPostprocessing = 0;
		};
		50BB53502A6A728B000DE037 /* Frameworks */ = {
			isa = PBXFrameworksBuildPhase;
			buildActionMask = 2147483647;
			files = (
			);
			runOnlyForDeploymentPostprocessing = 0;
		};
		50BB535A2A6A728B000DE037 /* Frameworks */ = {
			isa = PBXFrameworksBuildPhase;
			buildActionMask = 2147483647;
			files = (
			);
			runOnlyForDeploymentPostprocessing = 0;
		};
/* End PBXFrameworksBuildPhase section */

/* Begin PBXGroup section */
		507B87822A825567004D3DBE /* Comments */ = {
			isa = PBXGroup;
			children = (
				507B87A32A827CA2004D3DBE /* Model */,
				507B879C2A826D55004D3DBE /* Cell */,
				507B87832A825567004D3DBE /* CommentsViewController.swift */,
			);
			path = Comments;
			sourceTree = "<group>";
		};
		507B87852A825576004D3DBE /* Share */ = {
			isa = PBXGroup;
			children = (
				507B87862A825576004D3DBE /* ShareViewController.swift */,
				507B87872A825576004D3DBE /* Cell */,
				507B878E2A825576004D3DBE /* Model */,
			);
			path = Share;
			sourceTree = "<group>";
		};
		507B87872A825576004D3DBE /* Cell */ = {
			isa = PBXGroup;
			children = (
				507B87882A825576004D3DBE /* CollectionViewCell */,
				507B878B2A825576004D3DBE /* TableViewCell */,
			);
			path = Cell;
			sourceTree = "<group>";
		};
		507B87882A825576004D3DBE /* CollectionViewCell */ = {
			isa = PBXGroup;
			children = (
				507B87892A825576004D3DBE /* SharingOptionCollectionViewCell.swift */,
				507B878A2A825576004D3DBE /* SharingOptionCollectionViewCell.xib */,
			);
			path = CollectionViewCell;
			sourceTree = "<group>";
		};
		507B878B2A825576004D3DBE /* TableViewCell */ = {
			isa = PBXGroup;
			children = (
				507B878C2A825576004D3DBE /* ShareToUserTableViewCell.swift */,
				507B878D2A825576004D3DBE /* ShareToUserTableViewCell.xib */,
			);
			path = TableViewCell;
			sourceTree = "<group>";
		};
		507B878E2A825576004D3DBE /* Model */ = {
			isa = PBXGroup;
			children = (
				507B878F2A825576004D3DBE /* ShareUserModel.swift */,
			);
			path = Model;
			sourceTree = "<group>";
		};
		507B879C2A826D55004D3DBE /* Cell */ = {
			isa = PBXGroup;
			children = (
				507B879F2A826D83004D3DBE /* CommentTableViewCell.swift */,
				507B87A02A826D83004D3DBE /* CommentTableViewCell.xib */,
			);
			path = Cell;
			sourceTree = "<group>";
		};
		507B87A32A827CA2004D3DBE /* Model */ = {
			isa = PBXGroup;
			children = (
				507B87A42A827CB3004D3DBE /* CommentDataModel.swift */,
			);
			path = Model;
			sourceTree = "<group>";
		};
		5091CD902A7AA20D005D9A28 /* Moments */ = {
			isa = PBXGroup;
			children = (
				5091CD842A7AA1A3005D9A28 /* Moment1.jpg */,
				5091CD802A7AA1A3005D9A28 /* Moment2.jpg */,
				5091CD832A7AA1A3005D9A28 /* Moment3.jpg */,
				5091CD862A7AA1A4005D9A28 /* Moment4.jpg */,
				5091CD822A7AA1A3005D9A28 /* Moment5.jpg */,
				5091CD852A7AA1A4005D9A28 /* Moment6.jpg */,
				5091CD7F2A7AA1A3005D9A28 /* Moment7.jpg */,
				5091CD7E2A7AA1A3005D9A28 /* Moment8.jpg */,
				5091CD812A7AA1A3005D9A28 /* Moment9.jpg */,
			);
			path = Moments;
			sourceTree = "<group>";
		};
		5091CD912A7AA21B005D9A28 /* Cities */ = {
			isa = PBXGroup;
			children = (
				5091CD932A7AA25F005D9A28 /* Delhi.jpg */,
				5091CD982A7AA289005D9A28 /* Moscow.jpg */,
				5091CD952A7AA289005D9A28 /* NewYork.jpg */,
				5091CD972A7AA289005D9A28 /* Paris.jpg */,
				5091CD962A7AA289005D9A28 /* Seoul.jpg */,
			);
			path = Cities;
			sourceTree = "<group>";
		};
		5091CD922A7AA226005D9A28 /* Trips */ = {
			isa = PBXGroup;
			children = (
				5091CDA02A7AA2BA005D9A28 /* TripImage1.jpg */,
				5091CD9E2A7AA2BA005D9A28 /* TripImage2.jpg */,
				5091CD9D2A7AA2BA005D9A28 /* TripImage3.jpg */,
				5091CD9F2A7AA2BA005D9A28 /* TripImage4.jpg */,
				5091CDA12A7AA2BA005D9A28 /* TripImage5.jpg */,
				5091CDA22A7AA2BA005D9A28 /* TripImage6.jpg */,
			);
			path = Trips;
			sourceTree = "<group>";
		};
		509921F02A7CDC68004B0BD1 /* TrippiTabBar */ = {
			isa = PBXGroup;
			children = (
				509921F52A7CFC57004B0BD1 /* Cell */,
				509921F12A7CDC8A004B0BD1 /* TrippiTabBarViewController.swift */,
				509922042A7D0AD3004B0BD1 /* TrippiTabBarItem.swift */,
			);
			path = TrippiTabBar;
			sourceTree = "<group>";
		};
		509921F52A7CFC57004B0BD1 /* Cell */ = {
			isa = PBXGroup;
			children = (
				509921F62A7CFC85004B0BD1 /* TrippiTabBarItemCollectionViewCell.swift */,
				509921F72A7CFC85004B0BD1 /* TrippiTabBarItemCollectionViewCell.xib */,
			);
			path = Cell;
			sourceTree = "<group>";
		};
		509921FC2A7CFDD2004B0BD1 /* Discovery */ = {
			isa = PBXGroup;
			children = (
				509921FD2A7CFDE8004B0BD1 /* DiscoveryViewController.swift */,
			);
			path = Discovery;
			sourceTree = "<group>";
		};
		509922032A7CFE2F004B0BD1 /* Profile */ = {
			isa = PBXGroup;
			children = (
				509922012A7CFE1F004B0BD1 /* ProfileViewController.swift */,
			);
			path = Profile;
			sourceTree = "<group>";
		};
		509E2DFE2A77C59500638F06 /* SearchPlace */ = {
			isa = PBXGroup;
			children = (
				509E2E012A77C5C200638F06 /* SearchPlaceViewController.swift */,
			);
			path = SearchPlace;
			sourceTree = "<group>";
		};
		50A2C83F2A72307C0096850D /* CreateTrip */ = {
			isa = PBXGroup;
			children = (
				50A2C8402A7230920096850D /* CreateTripViewController.swift */,
			);
			path = CreateTrip;
			sourceTree = "<group>";
		};
		50A2C8442A72340B0096850D /* Models */ = {
			isa = PBXGroup;
			children = (
				50AF64C02A6FFD7E005FFAB8 /* SettingsModel.swift */,
			);
			path = Models;
			sourceTree = "<group>";
		};
		50A2C8452A7234220096850D /* Models */ = {
			isa = PBXGroup;
			children = (
				5091CD712A7A3533005D9A28 /* HomeCityModel.swift */,
				5091CD732A7A35ED005D9A28 /* TopTripModel.swift */,
				5091CD752A7A3682005D9A28 /* MomentModel.swift */,
				5091CD772A7A4A0E005D9A28 /* HomeDataModel.swift */,
			);
			path = Models;
			sourceTree = "<group>";
		};
		50A32F822A83711E0017191B /* Trip */ = {
			isa = PBXGroup;
			children = (
				50A32F892A83A9B10017191B /* Cell */,
				50A32F852A83A8FA0017191B /* Model */,
				50A32F832A83713D0017191B /* TripViewController.swift */,
			);
			path = Trip;
			sourceTree = "<group>";
		};
		50A32F852A83A8FA0017191B /* Model */ = {
			isa = PBXGroup;
			children = (
				50A32F862A83A9170017191B /* TripDataModel.swift */,
			);
			path = Model;
			sourceTree = "<group>";
		};
		50A32F892A83A9B10017191B /* Cell */ = {
			isa = PBXGroup;
			children = (
				50A32F8E2A83AE290017191B /* TripHeaderTableViewCell.swift */,
				50A32F8F2A83AE290017191B /* TripHeaderTableViewCell.xib */,
			);
			path = Cell;
			sourceTree = "<group>";
		};
		50A4027B2A7BA30F0019F8EC /* Protocols */ = {
			isa = PBXGroup;
			children = (
				50A4027C2A7BA36F0019F8EC /* HasButtonVibration.swift */,
			);
			path = Protocols;
			sourceTree = "<group>";
		};
		50AF64BB2A6FC588005FFAB8 /* TableViewCell */ = {
			isa = PBXGroup;
			children = (
				50AF64BC2A6FC5AE005FFAB8 /* SettingTableViewCell.swift */,
				50AF64BD2A6FC5AE005FFAB8 /* SettingTableViewCell.xib */,
			);
			path = TableViewCell;
			sourceTree = "<group>";
		};
		50BB53342A6A7289000DE037 = {
			isa = PBXGroup;
			children = (
				50BB533F2A6A7289000DE037 /* Trippi */,
				50BB53562A6A728B000DE037 /* TrippiTests */,
				50BB53602A6A728B000DE037 /* TrippiUITests */,
				50BB533E2A6A7289000DE037 /* Products */,
			);
			sourceTree = "<group>";
		};
		50BB533E2A6A7289000DE037 /* Products */ = {
			isa = PBXGroup;
			children = (
				50BB533D2A6A7289000DE037 /* Trippi.app */,
				50BB53532A6A728B000DE037 /* TrippiTests.xctest */,
				50BB535D2A6A728B000DE037 /* TrippiUITests.xctest */,
			);
			name = Products;
			sourceTree = "<group>";
		};
		50BB533F2A6A7289000DE037 /* Trippi */ = {
			isa = PBXGroup;
			children = (
				50A4027B2A7BA30F0019F8EC /* Protocols */,
				50C3D0AE2A6EBB2C00DDED53 /* LottieJSON */,
				50C3D0A62A6EB69600DDED53 /* Images */,
				50C3D0A12A6EADAF00DDED53 /* Models */,
				50C3D0992A6E5DE100DDED53 /* ExtraClasses */,
				50BB53802A6A8805000DE037 /* Extensions */,
				50BB53792A6A78B3000DE037 /* Enums */,
				50BB53762A6A7806000DE037 /* Constants */,
				50BB53702A6A729C000DE037 /* ViewControllers */,
				50BB53712A6A72A9000DE037 /* Storyboards */,
				50BB53732A6A7561000DE037 /* Fonts */,
				50BB53402A6A7289000DE037 /* AppDelegate.swift */,
				50BB53422A6A7289000DE037 /* SceneDelegate.swift */,
				50BB53492A6A728B000DE037 /* Assets.xcassets */,
				50BB534B2A6A728B000DE037 /* LaunchScreen.storyboard */,
				50BB534E2A6A728B000DE037 /* Info.plist */,
			);
			path = Trippi;
			sourceTree = "<group>";
		};
		50BB53562A6A728B000DE037 /* TrippiTests */ = {
			isa = PBXGroup;
			children = (
				50BB53572A6A728B000DE037 /* TrippiTests.swift */,
			);
			path = TrippiTests;
			sourceTree = "<group>";
		};
		50BB53602A6A728B000DE037 /* TrippiUITests */ = {
			isa = PBXGroup;
			children = (
				50BB53612A6A728B000DE037 /* TrippiUITests.swift */,
				50BB53632A6A728B000DE037 /* TrippiUITestsLaunchTests.swift */,
			);
			path = TrippiUITests;
			sourceTree = "<group>";
		};
		50BB53702A6A729C000DE037 /* ViewControllers */ = {
			isa = PBXGroup;
			children = (
				50BB53832A6A8BF3000DE037 /* OnBoarding */,
				509921F02A7CDC68004B0BD1 /* TrippiTabBar */,
				50BB53842A6A8C06000DE037 /* Home */,
				509921FC2A7CFDD2004B0BD1 /* Discovery */,
				509922032A7CFE2F004B0BD1 /* Profile */,
				509E2DFE2A77C59500638F06 /* SearchPlace */,
				50A2C83F2A72307C0096850D /* CreateTrip */,
				50C3D09C2A6E5FBA00DDED53 /* Setting */,
				50A32F822A83711E0017191B /* Trip */,
				507B87822A825567004D3DBE /* Comments */,
				507B87852A825576004D3DBE /* Share */,
				5099220A2A7D2A15004B0BD1 /* SplashViewController.swift */,
			);
			path = ViewControllers;
			sourceTree = "<group>";
		};
		50BB53712A6A72A9000DE037 /* Storyboards */ = {
			isa = PBXGroup;
			children = (
				509921F32A7CDC9A004B0BD1 /* TrippiTabBar.storyboard */,
				50BB537C2A6A790C000DE037 /* Home.storyboard */,
				509921FA2A7CFDCA004B0BD1 /* Discovery.storyboard */,
				509921FF2A7CFE0D004B0BD1 /* Profile.storyboard */,
				507B87762A82542B004D3DBE /* Share.storyboard */,
				507B87742A825417004D3DBE /* Comments.storyboard */,
				509E2DFF2A77C5AD00638F06 /* SearchPlace.storyboard */,
				50BB53462A6A7289000DE037 /* OnBoarding.storyboard */,
				50C3D09D2A6E5FFA00DDED53 /* Setting.storyboard */,
				50A2C8422A72309E0096850D /* CreateTrip.storyboard */,
				78FDE5842A744DC800AA5C6E /* SignUp.storyboard */,
				5099220C2A7D2AA1004B0BD1 /* Splash.storyboard */,
				50A32F802A8370E90017191B /* Trip.storyboard */,
			);
			path = Storyboards;
			sourceTree = "<group>";
		};
		50BB53732A6A7561000DE037 /* Fonts */ = {
			isa = PBXGroup;
			children = (
				50BB53742A6A7595000DE037 /* Montserrat-VariableFont_wght.ttf */,
			);
			path = Fonts;
			sourceTree = "<group>";
		};
		50BB53762A6A7806000DE037 /* Constants */ = {
			isa = PBXGroup;
			children = (
				50BB53772A6A781A000DE037 /* Constants.swift */,
			);
			path = Constants;
			sourceTree = "<group>";
		};
		50BB53792A6A78B3000DE037 /* Enums */ = {
			isa = PBXGroup;
			children = (
				50BB537A2A6A78CD000DE037 /* TrippiStoryboards.swift */,
			);
			path = Enums;
			sourceTree = "<group>";
		};
		50BB53802A6A8805000DE037 /* Extensions */ = {
			isa = PBXGroup;
			children = (
				507B87962A82559C004D3DBE /* UIViewExtension.swift */,
				50BB53812A6A8825000DE037 /* UIViewControllerExtension.swift */,
				50A4027E2A7BB4990019F8EC /* UIButtonExtension.swift */,
				50C3D0A42A6EB66800DDED53 /* UIImageViewExtension.swift */,
			);
			path = Extensions;
			sourceTree = "<group>";
		};
		50BB53832A6A8BF3000DE037 /* OnBoarding */ = {
			isa = PBXGroup;
			children = (
				50BB53442A6A7289000DE037 /* OnBoardingViewController.swift */,
			);
			path = OnBoarding;
			sourceTree = "<group>";
		};
		50BB53842A6A8C06000DE037 /* Home */ = {
			isa = PBXGroup;
			children = (
				50A2C8452A7234220096850D /* Models */,
				50BB53872A6A8E21000DE037 /* Cell */,
				50BB537E2A6A7CB9000DE037 /* HomeViewController.swift */,
				50BB53852A6A8C1F000DE037 /* HomeViewModel.swift */,
			);
			path = Home;
			sourceTree = "<group>";
		};
		50BB53872A6A8E21000DE037 /* Cell */ = {
			isa = PBXGroup;
			children = (
				50BB539D2A6ABB58000DE037 /* CollectionViewCell */,
				50BB538D2A6A960B000DE037 /* TableViewCell */,
			);
			path = Cell;
			sourceTree = "<group>";
		};
		50BB538D2A6A960B000DE037 /* TableViewCell */ = {
			isa = PBXGroup;
			children = (
				50BB538E2A6A9641000DE037 /* CitiesForYouTableViewCell.swift */,
				50BB538F2A6A9641000DE037 /* CitiesForYouTableViewCell.xib */,
				5091A6EC2A7108820091197E /* CreateNewTripTableViewCell.swift */,
				5091A6ED2A7108820091197E /* CreateNewTripTableViewCell.xib */,
				50BF321D2A73C10400F7CD28 /* TopJourneysTableViewCell.swift */,
				50BF321E2A73C10400F7CD28 /* TopJourneysTableViewCell.xib */,
				50BE53022A79319600B445BB /* MomentTableViewCell.swift */,
				50BE53032A79319600B445BB /* MomentTableViewCell.xib */,
			);
			path = TableViewCell;
			sourceTree = "<group>";
		};
		50BB539D2A6ABB58000DE037 /* CollectionViewCell */ = {
			isa = PBXGroup;
			children = (
				50BB539E2A6ABC1B000DE037 /* CityCollectionViewCell.swift */,
				50BB539F2A6ABC1B000DE037 /* CityCollectionViewCell.xib */,
				50BF32212A73CB4900F7CD28 /* TopJourneysCollectionViewCell.swift */,
				50BF32222A73CB4900F7CD28 /* TopJourneysCollectionViewCell.xib */,
			);
			path = CollectionViewCell;
			sourceTree = "<group>";
		};
		50C3D0992A6E5DE100DDED53 /* ExtraClasses */ = {
			isa = PBXGroup;
			children = (
				50AF64C42A701421005FFAB8 /* Animator.swift */,
				509E2DFC2A77AE6700638F06 /* UIcolor+Extension.swift */,
				50BE53062A7946D600B445BB /* NSObject+Extension.swift */,
			);
			path = ExtraClasses;
			sourceTree = "<group>";
		};
		50C3D09C2A6E5FBA00DDED53 /* Setting */ = {
			isa = PBXGroup;
			children = (
				50A2C8442A72340B0096850D /* Models */,
				50AF64BB2A6FC588005FFAB8 /* TableViewCell */,
				50C3D09F2A6E613800DDED53 /* SettingViewController.swift */,
			);
			path = Setting;
			sourceTree = "<group>";
		};
		50C3D0A12A6EADAF00DDED53 /* Models */ = {
			isa = PBXGroup;
			children = (
				50C3D0A22A6EADCA00DDED53 /* ReversedGeoLocation.swift */,
			);
			path = Models;
			sourceTree = "<group>";
		};
		50C3D0A62A6EB69600DDED53 /* Images */ = {
			isa = PBXGroup;
			children = (
				5091CD922A7AA226005D9A28 /* Trips */,
				5091CD912A7AA21B005D9A28 /* Cities */,
				5091CD902A7AA20D005D9A28 /* Moments */,
			);
			path = Images;
			sourceTree = "<group>";
		};
		50C3D0AE2A6EBB2C00DDED53 /* LottieJSON */ = {
			isa = PBXGroup;
			children = (
				5091CD792A7A95A2005D9A28 /* likeAnimation.json */,
				5091CD6F2A7A3472005D9A28 /* heart.json */,
				50BE53082A794A7B00B445BB /* likeAnimation1.json */,
				50C3D0AF2A6EBB3B00DDED53 /* unknownLocation.json */,
			);
			path = LottieJSON;
			sourceTree = "<group>";
		};
/* End PBXGroup section */

/* Begin PBXNativeTarget section */
		50BB533C2A6A7289000DE037 /* Trippi */ = {
			isa = PBXNativeTarget;
			buildConfigurationList = 50BB53672A6A728B000DE037 /* Build configuration list for PBXNativeTarget "Trippi" */;
			buildPhases = (
				50BB53392A6A7289000DE037 /* Sources */,
				50BB533A2A6A7289000DE037 /* Frameworks */,
				50BB533B2A6A7289000DE037 /* Resources */,
			);
			buildRules = (
			);
			dependencies = (
			);
			name = Trippi;
			packageProductDependencies = (
				50C3D0AC2A6EBAFC00DDED53 /* Lottie */,
				509E2DFA2A77AB6E00638F06 /* Fastis */,
				5091CD7C2A7A9EC5005D9A28 /* Kingfisher */,
			);
			productName = Trippi;
			productReference = 50BB533D2A6A7289000DE037 /* Trippi.app */;
			productType = "com.apple.product-type.application";
		};
		50BB53522A6A728B000DE037 /* TrippiTests */ = {
			isa = PBXNativeTarget;
			buildConfigurationList = 50BB536A2A6A728B000DE037 /* Build configuration list for PBXNativeTarget "TrippiTests" */;
			buildPhases = (
				50BB534F2A6A728B000DE037 /* Sources */,
				50BB53502A6A728B000DE037 /* Frameworks */,
				50BB53512A6A728B000DE037 /* Resources */,
			);
			buildRules = (
			);
			dependencies = (
				50BB53552A6A728B000DE037 /* PBXTargetDependency */,
			);
			name = TrippiTests;
			productName = TrippiTests;
			productReference = 50BB53532A6A728B000DE037 /* TrippiTests.xctest */;
			productType = "com.apple.product-type.bundle.unit-test";
		};
		50BB535C2A6A728B000DE037 /* TrippiUITests */ = {
			isa = PBXNativeTarget;
			buildConfigurationList = 50BB536D2A6A728B000DE037 /* Build configuration list for PBXNativeTarget "TrippiUITests" */;
			buildPhases = (
				50BB53592A6A728B000DE037 /* Sources */,
				50BB535A2A6A728B000DE037 /* Frameworks */,
				50BB535B2A6A728B000DE037 /* Resources */,
			);
			buildRules = (
			);
			dependencies = (
				50BB535F2A6A728B000DE037 /* PBXTargetDependency */,
			);
			name = TrippiUITests;
			productName = TrippiUITests;
			productReference = 50BB535D2A6A728B000DE037 /* TrippiUITests.xctest */;
			productType = "com.apple.product-type.bundle.ui-testing";
		};
/* End PBXNativeTarget section */

/* Begin PBXProject section */
		50BB53352A6A7289000DE037 /* Project object */ = {
			isa = PBXProject;
			attributes = {
				BuildIndependentTargetsInParallel = 1;
				LastSwiftUpdateCheck = 1430;
				LastUpgradeCheck = 1430;
				TargetAttributes = {
					50BB533C2A6A7289000DE037 = {
						CreatedOnToolsVersion = 14.3;
					};
					50BB53522A6A728B000DE037 = {
						CreatedOnToolsVersion = 14.3;
						TestTargetID = 50BB533C2A6A7289000DE037;
					};
					50BB535C2A6A728B000DE037 = {
						CreatedOnToolsVersion = 14.3;
						TestTargetID = 50BB533C2A6A7289000DE037;
					};
				};
			};
			buildConfigurationList = 50BB53382A6A7289000DE037 /* Build configuration list for PBXProject "Trippi" */;
			compatibilityVersion = "Xcode 14.0";
			developmentRegion = en;
			hasScannedForEncodings = 0;
			knownRegions = (
				en,
				Base,
			);
			mainGroup = 50BB53342A6A7289000DE037;
			packageReferences = (
				50C3D0AB2A6EBAFC00DDED53 /* XCRemoteSwiftPackageReference "lottie-ios" */,
				509E2DF92A77AB6E00638F06 /* XCRemoteSwiftPackageReference "Fastis" */,
				5091CD7B2A7A9EC5005D9A28 /* XCRemoteSwiftPackageReference "Kingfisher" */,
			);
			productRefGroup = 50BB533E2A6A7289000DE037 /* Products */;
			projectDirPath = "";
			projectRoot = "";
			targets = (
				50BB533C2A6A7289000DE037 /* Trippi */,
				50BB53522A6A728B000DE037 /* TrippiTests */,
				50BB535C2A6A728B000DE037 /* TrippiUITests */,
			);
		};
/* End PBXProject section */

/* Begin PBXResourcesBuildPhase section */
		50BB533B2A6A7289000DE037 /* Resources */ = {
			isa = PBXResourcesBuildPhase;
			buildActionMask = 2147483647;
			files = (
				5091CD8E2A7AA1A4005D9A28 /* Moment6.jpg in Resources */,
				5091CD992A7AA289005D9A28 /* NewYork.jpg in Resources */,
				50AF64BF2A6FC5AE005FFAB8 /* SettingTableViewCell.xib in Resources */,
				5091CDA32A7AA2BA005D9A28 /* TripImage3.jpg in Resources */,
				5091CD7A2A7A95A2005D9A28 /* likeAnimation.json in Resources */,
				50BF32242A73CB4900F7CD28 /* TopJourneysCollectionViewCell.xib in Resources */,
				5091CD8A2A7AA1A4005D9A28 /* Moment9.jpg in Resources */,
				509921F92A7CFC85004B0BD1 /* TrippiTabBarItemCollectionViewCell.xib in Resources */,
				5091CDA82A7AA2BA005D9A28 /* TripImage6.jpg in Resources */,
				5091CD8F2A7AA1A4005D9A28 /* Moment4.jpg in Resources */,
				509921FB2A7CFDCA004B0BD1 /* Discovery.storyboard in Resources */,
				5091CDA62A7AA2BA005D9A28 /* TripImage1.jpg in Resources */,
				5091CDA72A7AA2BA005D9A28 /* TripImage5.jpg in Resources */,
				50BB537D2A6A790C000DE037 /* Home.storyboard in Resources */,
				5091CD882A7AA1A4005D9A28 /* Moment7.jpg in Resources */,
				50BB534D2A6A728B000DE037 /* LaunchScreen.storyboard in Resources */,
				5091CD872A7AA1A4005D9A28 /* Moment8.jpg in Resources */,
				50A32F812A8370E90017191B /* Trip.storyboard in Resources */,
				5091CD8D2A7AA1A4005D9A28 /* Moment1.jpg in Resources */,
				507B87A22A826D83004D3DBE /* CommentTableViewCell.xib in Resources */,
				5091A6EF2A7108820091197E /* CreateNewTripTableViewCell.xib in Resources */,
				509E2E002A77C5AD00638F06 /* SearchPlace.storyboard in Resources */,
				5091CDA42A7AA2BA005D9A28 /* TripImage2.jpg in Resources */,
				50A32F912A83AE290017191B /* TripHeaderTableViewCell.xib in Resources */,
				50BB53A12A6ABC1B000DE037 /* CityCollectionViewCell.xib in Resources */,
				5099220D2A7D2AA1004B0BD1 /* Splash.storyboard in Resources */,
				507B87942A825576004D3DBE /* ShareToUserTableViewCell.xib in Resources */,
				50BE53092A794A7B00B445BB /* likeAnimation1.json in Resources */,
				50BF32202A73C10400F7CD28 /* TopJourneysTableViewCell.xib in Resources */,
				50BB534A2A6A728B000DE037 /* Assets.xcassets in Resources */,
				5091CD9A2A7AA289005D9A28 /* Seoul.jpg in Resources */,
				5091CD9B2A7AA289005D9A28 /* Paris.jpg in Resources */,
				50C3D0B02A6EBB3B00DDED53 /* unknownLocation.json in Resources */,
				50BB53912A6A9641000DE037 /* CitiesForYouTableViewCell.xib in Resources */,
				5091CDA52A7AA2BA005D9A28 /* TripImage4.jpg in Resources */,
				507B87922A825576004D3DBE /* SharingOptionCollectionViewCell.xib in Resources */,
				50A32F922A83B24D0017191B /* Montserrat-VariableFont_wght.ttf in Resources */,
				5091CD8C2A7AA1A4005D9A28 /* Moment3.jpg in Resources */,
				5091CD892A7AA1A4005D9A28 /* Moment2.jpg in Resources */,
				5091CD8B2A7AA1A4005D9A28 /* Moment5.jpg in Resources */,
				509922002A7CFE0D004B0BD1 /* Profile.storyboard in Resources */,
				50C3D09E2A6E5FFA00DDED53 /* Setting.storyboard in Resources */,
				50BE53052A79319600B445BB /* MomentTableViewCell.xib in Resources */,
				509921F42A7CDC9A004B0BD1 /* TrippiTabBar.storyboard in Resources */,
				5091CD9C2A7AA289005D9A28 /* Moscow.jpg in Resources */,
				507B87752A825417004D3DBE /* Comments.storyboard in Resources */,
				50BB53482A6A7289000DE037 /* OnBoarding.storyboard in Resources */,
				50A2C8432A72309E0096850D /* CreateTrip.storyboard in Resources */,
				507B87772A82542B004D3DBE /* Share.storyboard in Resources */,
				78FDE5852A744DC800AA5C6E /* SignUp.storyboard in Resources */,
				5091CD702A7A3472005D9A28 /* heart.json in Resources */,
				5091CD942A7AA25F005D9A28 /* Delhi.jpg in Resources */,
			);
			runOnlyForDeploymentPostprocessing = 0;
		};
		50BB53512A6A728B000DE037 /* Resources */ = {
			isa = PBXResourcesBuildPhase;
			buildActionMask = 2147483647;
			files = (
			);
			runOnlyForDeploymentPostprocessing = 0;
		};
		50BB535B2A6A728B000DE037 /* Resources */ = {
			isa = PBXResourcesBuildPhase;
			buildActionMask = 2147483647;
			files = (
			);
			runOnlyForDeploymentPostprocessing = 0;
		};
/* End PBXResourcesBuildPhase section */

/* Begin PBXSourcesBuildPhase section */
		50BB53392A6A7289000DE037 /* Sources */ = {
			isa = PBXSourcesBuildPhase;
			buildActionMask = 2147483647;
			files = (
				5091CD722A7A3533005D9A28 /* HomeCityModel.swift in Sources */,
				50BB53452A6A7289000DE037 /* OnBoardingViewController.swift in Sources */,
				509921F22A7CDC8A004B0BD1 /* TrippiTabBarViewController.swift in Sources */,
				5099220B2A7D2A15004B0BD1 /* SplashViewController.swift in Sources */,
				50BE53042A79319600B445BB /* MomentTableViewCell.swift in Sources */,
				50AF64C12A6FFD7E005FFAB8 /* SettingsModel.swift in Sources */,
				50A32F872A83A9170017191B /* TripDataModel.swift in Sources */,
				507B87902A825576004D3DBE /* ShareViewController.swift in Sources */,
				50C3D0A32A6EADCA00DDED53 /* ReversedGeoLocation.swift in Sources */,
				507B87952A825576004D3DBE /* ShareUserModel.swift in Sources */,
				50BB53412A6A7289000DE037 /* AppDelegate.swift in Sources */,
				50BB53432A6A7289000DE037 /* SceneDelegate.swift in Sources */,
				50BB53862A6A8C1F000DE037 /* HomeViewModel.swift in Sources */,
				50C3D0A02A6E613800DDED53 /* SettingViewController.swift in Sources */,
				50BB53A02A6ABC1B000DE037 /* CityCollectionViewCell.swift in Sources */,
				50AF64C52A701421005FFAB8 /* Animator.swift in Sources */,
				50BF321F2A73C10400F7CD28 /* TopJourneysTableViewCell.swift in Sources */,
				50BE53072A7946D600B445BB /* NSObject+Extension.swift in Sources */,
				50A32F902A83AE290017191B /* TripHeaderTableViewCell.swift in Sources */,
				509E2E022A77C5C200638F06 /* SearchPlaceViewController.swift in Sources */,
				507B87972A82559C004D3DBE /* UIViewExtension.swift in Sources */,
				507B87932A825576004D3DBE /* ShareToUserTableViewCell.swift in Sources */,
				50A2C8412A7230920096850D /* CreateTripViewController.swift in Sources */,
				50A32F842A83713D0017191B /* TripViewController.swift in Sources */,
				5091A6EE2A7108820091197E /* CreateNewTripTableViewCell.swift in Sources */,
				50BB53782A6A781A000DE037 /* Constants.swift in Sources */,
				50BF32232A73CB4900F7CD28 /* TopJourneysCollectionViewCell.swift in Sources */,
				509921FE2A7CFDE8004B0BD1 /* DiscoveryViewController.swift in Sources */,
				5091CD782A7A4A0E005D9A28 /* HomeDataModel.swift in Sources */,
				507B87912A825576004D3DBE /* SharingOptionCollectionViewCell.swift in Sources */,
				5091CD762A7A3682005D9A28 /* MomentModel.swift in Sources */,
				50C3D0A52A6EB66800DDED53 /* UIImageViewExtension.swift in Sources */,
				50AF64BE2A6FC5AE005FFAB8 /* SettingTableViewCell.swift in Sources */,
				509922022A7CFE1F004B0BD1 /* ProfileViewController.swift in Sources */,
				507B87A52A827CB3004D3DBE /* CommentDataModel.swift in Sources */,
				5091CD742A7A35ED005D9A28 /* TopTripModel.swift in Sources */,
				507B87A12A826D83004D3DBE /* CommentTableViewCell.swift in Sources */,
				509E2DFD2A77AE6700638F06 /* UIcolor+Extension.swift in Sources */,
				50BB53822A6A8825000DE037 /* UIViewControllerExtension.swift in Sources */,
				50BB537B2A6A78CD000DE037 /* TrippiStoryboards.swift in Sources */,
				507B87842A825567004D3DBE /* CommentsViewController.swift in Sources */,
				50BB53902A6A9641000DE037 /* CitiesForYouTableViewCell.swift in Sources */,
				50BB537F2A6A7CB9000DE037 /* HomeViewController.swift in Sources */,
				509921F82A7CFC85004B0BD1 /* TrippiTabBarItemCollectionViewCell.swift in Sources */,
				50A4027D2A7BA36F0019F8EC /* HasButtonVibration.swift in Sources */,
				50A4027F2A7BB4990019F8EC /* UIButtonExtension.swift in Sources */,
				509922052A7D0AD3004B0BD1 /* TrippiTabBarItem.swift in Sources */,
			);
			runOnlyForDeploymentPostprocessing = 0;
		};
		50BB534F2A6A728B000DE037 /* Sources */ = {
			isa = PBXSourcesBuildPhase;
			buildActionMask = 2147483647;
			files = (
				50BB53582A6A728B000DE037 /* TrippiTests.swift in Sources */,
			);
			runOnlyForDeploymentPostprocessing = 0;
		};
		50BB53592A6A728B000DE037 /* Sources */ = {
			isa = PBXSourcesBuildPhase;
			buildActionMask = 2147483647;
			files = (
				50BB53642A6A728B000DE037 /* TrippiUITestsLaunchTests.swift in Sources */,
				50BB53622A6A728B000DE037 /* TrippiUITests.swift in Sources */,
			);
			runOnlyForDeploymentPostprocessing = 0;
		};
/* End PBXSourcesBuildPhase section */

/* Begin PBXTargetDependency section */
		50BB53552A6A728B000DE037 /* PBXTargetDependency */ = {
			isa = PBXTargetDependency;
			target = 50BB533C2A6A7289000DE037 /* Trippi */;
			targetProxy = 50BB53542A6A728B000DE037 /* PBXContainerItemProxy */;
		};
		50BB535F2A6A728B000DE037 /* PBXTargetDependency */ = {
			isa = PBXTargetDependency;
			target = 50BB533C2A6A7289000DE037 /* Trippi */;
			targetProxy = 50BB535E2A6A728B000DE037 /* PBXContainerItemProxy */;
		};
/* End PBXTargetDependency section */

/* Begin PBXVariantGroup section */
		50BB53462A6A7289000DE037 /* OnBoarding.storyboard */ = {
			isa = PBXVariantGroup;
			children = (
				50BB53472A6A7289000DE037 /* Base */,
			);
			name = OnBoarding.storyboard;
			sourceTree = "<group>";
		};
		50BB534B2A6A728B000DE037 /* LaunchScreen.storyboard */ = {
			isa = PBXVariantGroup;
			children = (
				50BB534C2A6A728B000DE037 /* Base */,
			);
			name = LaunchScreen.storyboard;
			sourceTree = "<group>";
		};
/* End PBXVariantGroup section */

/* Begin XCBuildConfiguration section */
		50BB53652A6A728B000DE037 /* Debug */ = {
			isa = XCBuildConfiguration;
			buildSettings = {
				ALWAYS_SEARCH_USER_PATHS = NO;
				CLANG_ANALYZER_NONNULL = YES;
				CLANG_ANALYZER_NUMBER_OBJECT_CONVERSION = YES_AGGRESSIVE;
				CLANG_CXX_LANGUAGE_STANDARD = "gnu++20";
				CLANG_ENABLE_MODULES = YES;
				CLANG_ENABLE_OBJC_ARC = YES;
				CLANG_ENABLE_OBJC_WEAK = YES;
				CLANG_WARN_BLOCK_CAPTURE_AUTORELEASING = YES;
				CLANG_WARN_BOOL_CONVERSION = YES;
				CLANG_WARN_COMMA = YES;
				CLANG_WARN_CONSTANT_CONVERSION = YES;
				CLANG_WARN_DEPRECATED_OBJC_IMPLEMENTATIONS = YES;
				CLANG_WARN_DIRECT_OBJC_ISA_USAGE = YES_ERROR;
				CLANG_WARN_DOCUMENTATION_COMMENTS = YES;
				CLANG_WARN_EMPTY_BODY = YES;
				CLANG_WARN_ENUM_CONVERSION = YES;
				CLANG_WARN_INFINITE_RECURSION = YES;
				CLANG_WARN_INT_CONVERSION = YES;
				CLANG_WARN_NON_LITERAL_NULL_CONVERSION = YES;
				CLANG_WARN_OBJC_IMPLICIT_RETAIN_SELF = YES;
				CLANG_WARN_OBJC_LITERAL_CONVERSION = YES;
				CLANG_WARN_OBJC_ROOT_CLASS = YES_ERROR;
				CLANG_WARN_QUOTED_INCLUDE_IN_FRAMEWORK_HEADER = YES;
				CLANG_WARN_RANGE_LOOP_ANALYSIS = YES;
				CLANG_WARN_STRICT_PROTOTYPES = YES;
				CLANG_WARN_SUSPICIOUS_MOVE = YES;
				CLANG_WARN_UNGUARDED_AVAILABILITY = YES_AGGRESSIVE;
				CLANG_WARN_UNREACHABLE_CODE = YES;
				CLANG_WARN__DUPLICATE_METHOD_MATCH = YES;
				COPY_PHASE_STRIP = NO;
				DEBUG_INFORMATION_FORMAT = dwarf;
				ENABLE_STRICT_OBJC_MSGSEND = YES;
				ENABLE_TESTABILITY = YES;
				GCC_C_LANGUAGE_STANDARD = gnu11;
				GCC_DYNAMIC_NO_PIC = NO;
				GCC_NO_COMMON_BLOCKS = YES;
				GCC_OPTIMIZATION_LEVEL = 0;
				GCC_PREPROCESSOR_DEFINITIONS = (
					"DEBUG=1",
					"$(inherited)",
				);
				GCC_WARN_64_TO_32_BIT_CONVERSION = YES;
				GCC_WARN_ABOUT_RETURN_TYPE = YES_ERROR;
				GCC_WARN_UNDECLARED_SELECTOR = YES;
				GCC_WARN_UNINITIALIZED_AUTOS = YES_AGGRESSIVE;
				GCC_WARN_UNUSED_FUNCTION = YES;
				GCC_WARN_UNUSED_VARIABLE = YES;
				IPHONEOS_DEPLOYMENT_TARGET = 16.4;
				MTL_ENABLE_DEBUG_INFO = INCLUDE_SOURCE;
				MTL_FAST_MATH = YES;
				ONLY_ACTIVE_ARCH = YES;
				SDKROOT = iphoneos;
				SWIFT_ACTIVE_COMPILATION_CONDITIONS = DEBUG;
				SWIFT_OPTIMIZATION_LEVEL = "-Onone";
			};
			name = Debug;
		};
		50BB53662A6A728B000DE037 /* Release */ = {
			isa = XCBuildConfiguration;
			buildSettings = {
				ALWAYS_SEARCH_USER_PATHS = NO;
				CLANG_ANALYZER_NONNULL = YES;
				CLANG_ANALYZER_NUMBER_OBJECT_CONVERSION = YES_AGGRESSIVE;
				CLANG_CXX_LANGUAGE_STANDARD = "gnu++20";
				CLANG_ENABLE_MODULES = YES;
				CLANG_ENABLE_OBJC_ARC = YES;
				CLANG_ENABLE_OBJC_WEAK = YES;
				CLANG_WARN_BLOCK_CAPTURE_AUTORELEASING = YES;
				CLANG_WARN_BOOL_CONVERSION = YES;
				CLANG_WARN_COMMA = YES;
				CLANG_WARN_CONSTANT_CONVERSION = YES;
				CLANG_WARN_DEPRECATED_OBJC_IMPLEMENTATIONS = YES;
				CLANG_WARN_DIRECT_OBJC_ISA_USAGE = YES_ERROR;
				CLANG_WARN_DOCUMENTATION_COMMENTS = YES;
				CLANG_WARN_EMPTY_BODY = YES;
				CLANG_WARN_ENUM_CONVERSION = YES;
				CLANG_WARN_INFINITE_RECURSION = YES;
				CLANG_WARN_INT_CONVERSION = YES;
				CLANG_WARN_NON_LITERAL_NULL_CONVERSION = YES;
				CLANG_WARN_OBJC_IMPLICIT_RETAIN_SELF = YES;
				CLANG_WARN_OBJC_LITERAL_CONVERSION = YES;
				CLANG_WARN_OBJC_ROOT_CLASS = YES_ERROR;
				CLANG_WARN_QUOTED_INCLUDE_IN_FRAMEWORK_HEADER = YES;
				CLANG_WARN_RANGE_LOOP_ANALYSIS = YES;
				CLANG_WARN_STRICT_PROTOTYPES = YES;
				CLANG_WARN_SUSPICIOUS_MOVE = YES;
				CLANG_WARN_UNGUARDED_AVAILABILITY = YES_AGGRESSIVE;
				CLANG_WARN_UNREACHABLE_CODE = YES;
				CLANG_WARN__DUPLICATE_METHOD_MATCH = YES;
				COPY_PHASE_STRIP = NO;
				DEBUG_INFORMATION_FORMAT = "dwarf-with-dsym";
				ENABLE_NS_ASSERTIONS = NO;
				ENABLE_STRICT_OBJC_MSGSEND = YES;
				GCC_C_LANGUAGE_STANDARD = gnu11;
				GCC_NO_COMMON_BLOCKS = YES;
				GCC_WARN_64_TO_32_BIT_CONVERSION = YES;
				GCC_WARN_ABOUT_RETURN_TYPE = YES_ERROR;
				GCC_WARN_UNDECLARED_SELECTOR = YES;
				GCC_WARN_UNINITIALIZED_AUTOS = YES_AGGRESSIVE;
				GCC_WARN_UNUSED_FUNCTION = YES;
				GCC_WARN_UNUSED_VARIABLE = YES;
				IPHONEOS_DEPLOYMENT_TARGET = 16.4;
				MTL_ENABLE_DEBUG_INFO = NO;
				MTL_FAST_MATH = YES;
				SDKROOT = iphoneos;
				SWIFT_COMPILATION_MODE = wholemodule;
				SWIFT_OPTIMIZATION_LEVEL = "-O";
				VALIDATE_PRODUCT = YES;
			};
			name = Release;
		};
		50BB53682A6A728B000DE037 /* Debug */ = {
			isa = XCBuildConfiguration;
			buildSettings = {
				ASSETCATALOG_COMPILER_APPICON_NAME = AppIcon;
				ASSETCATALOG_COMPILER_GLOBAL_ACCENT_COLOR_NAME = AccentColor;
				CODE_SIGN_STYLE = Automatic;
				CURRENT_PROJECT_VERSION = 1;
				DEVELOPMENT_TEAM = 637U2CRCZ4;
				GENERATE_INFOPLIST_FILE = YES;
				INFOPLIST_FILE = Trippi/Info.plist;
				INFOPLIST_KEY_NSLocationAlwaysAndWhenInUseUsageDescription = "This app uses your locaiton to personalize your experience.";
				INFOPLIST_KEY_NSLocationWhenInUseUsageDescription = "This app uses your locaiton to personalize your experience.";
				INFOPLIST_KEY_UIApplicationSupportsIndirectInputEvents = YES;
				INFOPLIST_KEY_UILaunchStoryboardName = LaunchScreen;
				INFOPLIST_KEY_UIMainStoryboardFile = Splash;
				INFOPLIST_KEY_UISupportedInterfaceOrientations_iPad = "UIInterfaceOrientationPortrait UIInterfaceOrientationPortraitUpsideDown";
				INFOPLIST_KEY_UISupportedInterfaceOrientations_iPhone = UIInterfaceOrientationPortrait;
				LD_RUNPATH_SEARCH_PATHS = (
					"$(inherited)",
					"@executable_path/Frameworks",
				);
				MARKETING_VERSION = 1.0;
				PRODUCT_BUNDLE_IDENTIFIER = com.FruityCode.Trippi;
				PRODUCT_NAME = "$(TARGET_NAME)";
				SUPPORTED_PLATFORMS = "iphoneos iphonesimulator";
				SUPPORTS_MACCATALYST = NO;
				SUPPORTS_MAC_DESIGNED_FOR_IPHONE_IPAD = NO;
				SWIFT_EMIT_LOC_STRINGS = YES;
				SWIFT_VERSION = 5.0;
				TARGETED_DEVICE_FAMILY = 1;
			};
			name = Debug;
		};
		50BB53692A6A728B000DE037 /* Release */ = {
			isa = XCBuildConfiguration;
			buildSettings = {
				ASSETCATALOG_COMPILER_APPICON_NAME = AppIcon;
				ASSETCATALOG_COMPILER_GLOBAL_ACCENT_COLOR_NAME = AccentColor;
				CODE_SIGN_STYLE = Automatic;
				CURRENT_PROJECT_VERSION = 1;
				DEVELOPMENT_TEAM = 637U2CRCZ4;
				GENERATE_INFOPLIST_FILE = YES;
				INFOPLIST_FILE = Trippi/Info.plist;
				INFOPLIST_KEY_NSLocationAlwaysAndWhenInUseUsageDescription = "This app uses your locaiton to personalize your experience.";
				INFOPLIST_KEY_NSLocationWhenInUseUsageDescription = "This app uses your locaiton to personalize your experience.";
				INFOPLIST_KEY_UIApplicationSupportsIndirectInputEvents = YES;
				INFOPLIST_KEY_UILaunchStoryboardName = LaunchScreen;
				INFOPLIST_KEY_UIMainStoryboardFile = Splash;
				INFOPLIST_KEY_UISupportedInterfaceOrientations_iPad = "UIInterfaceOrientationPortrait UIInterfaceOrientationPortraitUpsideDown";
				INFOPLIST_KEY_UISupportedInterfaceOrientations_iPhone = UIInterfaceOrientationPortrait;
				LD_RUNPATH_SEARCH_PATHS = (
					"$(inherited)",
					"@executable_path/Frameworks",
				);
				MARKETING_VERSION = 1.0;
				PRODUCT_BUNDLE_IDENTIFIER = com.FruityCode.Trippi;
				PRODUCT_NAME = "$(TARGET_NAME)";
				SUPPORTED_PLATFORMS = "iphoneos iphonesimulator";
				SUPPORTS_MACCATALYST = NO;
				SUPPORTS_MAC_DESIGNED_FOR_IPHONE_IPAD = NO;
				SWIFT_EMIT_LOC_STRINGS = YES;
				SWIFT_VERSION = 5.0;
				TARGETED_DEVICE_FAMILY = 1;
			};
			name = Release;
		};
		50BB536B2A6A728B000DE037 /* Debug */ = {
			isa = XCBuildConfiguration;
			buildSettings = {
				ALWAYS_EMBED_SWIFT_STANDARD_LIBRARIES = YES;
				BUNDLE_LOADER = "$(TEST_HOST)";
				CODE_SIGN_STYLE = Automatic;
				CURRENT_PROJECT_VERSION = 1;
				DEVELOPMENT_TEAM = 637U2CRCZ4;
				GENERATE_INFOPLIST_FILE = YES;
				IPHONEOS_DEPLOYMENT_TARGET = 16.4;
				MARKETING_VERSION = 1.0;
				PRODUCT_BUNDLE_IDENTIFIER = com.FruityCode.TrippiTests;
				PRODUCT_NAME = "$(TARGET_NAME)";
				SWIFT_EMIT_LOC_STRINGS = NO;
				SWIFT_VERSION = 5.0;
				TARGETED_DEVICE_FAMILY = "1,2";
				TEST_HOST = "$(BUILT_PRODUCTS_DIR)/Trippi.app/$(BUNDLE_EXECUTABLE_FOLDER_PATH)/Trippi";
			};
			name = Debug;
		};
		50BB536C2A6A728B000DE037 /* Release */ = {
			isa = XCBuildConfiguration;
			buildSettings = {
				ALWAYS_EMBED_SWIFT_STANDARD_LIBRARIES = YES;
				BUNDLE_LOADER = "$(TEST_HOST)";
				CODE_SIGN_STYLE = Automatic;
				CURRENT_PROJECT_VERSION = 1;
				DEVELOPMENT_TEAM = 637U2CRCZ4;
				GENERATE_INFOPLIST_FILE = YES;
				IPHONEOS_DEPLOYMENT_TARGET = 16.4;
				MARKETING_VERSION = 1.0;
				PRODUCT_BUNDLE_IDENTIFIER = com.FruityCode.TrippiTests;
				PRODUCT_NAME = "$(TARGET_NAME)";
				SWIFT_EMIT_LOC_STRINGS = NO;
				SWIFT_VERSION = 5.0;
				TARGETED_DEVICE_FAMILY = "1,2";
				TEST_HOST = "$(BUILT_PRODUCTS_DIR)/Trippi.app/$(BUNDLE_EXECUTABLE_FOLDER_PATH)/Trippi";
			};
			name = Release;
		};
		50BB536E2A6A728B000DE037 /* Debug */ = {
			isa = XCBuildConfiguration;
			buildSettings = {
				ALWAYS_EMBED_SWIFT_STANDARD_LIBRARIES = YES;
				CODE_SIGN_STYLE = Automatic;
				CURRENT_PROJECT_VERSION = 1;
				DEVELOPMENT_TEAM = 637U2CRCZ4;
				GENERATE_INFOPLIST_FILE = YES;
				MARKETING_VERSION = 1.0;
				PRODUCT_BUNDLE_IDENTIFIER = com.FruityCode.TrippiUITests;
				PRODUCT_NAME = "$(TARGET_NAME)";
				SWIFT_EMIT_LOC_STRINGS = NO;
				SWIFT_VERSION = 5.0;
				TARGETED_DEVICE_FAMILY = "1,2";
				TEST_TARGET_NAME = Trippi;
			};
			name = Debug;
		};
		50BB536F2A6A728B000DE037 /* Release */ = {
			isa = XCBuildConfiguration;
			buildSettings = {
				ALWAYS_EMBED_SWIFT_STANDARD_LIBRARIES = YES;
				CODE_SIGN_STYLE = Automatic;
				CURRENT_PROJECT_VERSION = 1;
				DEVELOPMENT_TEAM = 637U2CRCZ4;
				GENERATE_INFOPLIST_FILE = YES;
				MARKETING_VERSION = 1.0;
				PRODUCT_BUNDLE_IDENTIFIER = com.FruityCode.TrippiUITests;
				PRODUCT_NAME = "$(TARGET_NAME)";
				SWIFT_EMIT_LOC_STRINGS = NO;
				SWIFT_VERSION = 5.0;
				TARGETED_DEVICE_FAMILY = "1,2";
				TEST_TARGET_NAME = Trippi;
			};
			name = Release;
		};
/* End XCBuildConfiguration section */

/* Begin XCConfigurationList section */
		50BB53382A6A7289000DE037 /* Build configuration list for PBXProject "Trippi" */ = {
			isa = XCConfigurationList;
			buildConfigurations = (
				50BB53652A6A728B000DE037 /* Debug */,
				50BB53662A6A728B000DE037 /* Release */,
			);
			defaultConfigurationIsVisible = 0;
			defaultConfigurationName = Release;
		};
		50BB53672A6A728B000DE037 /* Build configuration list for PBXNativeTarget "Trippi" */ = {
			isa = XCConfigurationList;
			buildConfigurations = (
				50BB53682A6A728B000DE037 /* Debug */,
				50BB53692A6A728B000DE037 /* Release */,
			);
			defaultConfigurationIsVisible = 0;
			defaultConfigurationName = Release;
		};
		50BB536A2A6A728B000DE037 /* Build configuration list for PBXNativeTarget "TrippiTests" */ = {
			isa = XCConfigurationList;
			buildConfigurations = (
				50BB536B2A6A728B000DE037 /* Debug */,
				50BB536C2A6A728B000DE037 /* Release */,
			);
			defaultConfigurationIsVisible = 0;
			defaultConfigurationName = Release;
		};
		50BB536D2A6A728B000DE037 /* Build configuration list for PBXNativeTarget "TrippiUITests" */ = {
			isa = XCConfigurationList;
			buildConfigurations = (
				50BB536E2A6A728B000DE037 /* Debug */,
				50BB536F2A6A728B000DE037 /* Release */,
			);
			defaultConfigurationIsVisible = 0;
			defaultConfigurationName = Release;
		};
/* End XCConfigurationList section */

/* Begin XCRemoteSwiftPackageReference section */
		5091CD7B2A7A9EC5005D9A28 /* XCRemoteSwiftPackageReference "Kingfisher" */ = {
			isa = XCRemoteSwiftPackageReference;
			repositoryURL = "https://github.com/onevcat/Kingfisher.git";
			requirement = {
				kind = upToNextMajorVersion;
				minimumVersion = 7.0.0;
			};
		};
		509E2DF92A77AB6E00638F06 /* XCRemoteSwiftPackageReference "Fastis" */ = {
			isa = XCRemoteSwiftPackageReference;
			repositoryURL = "https://github.com/simla-tech/Fastis.git";
			requirement = {
				kind = upToNextMajorVersion;
				minimumVersion = 2.0.0;
			};
		};
		50C3D0AB2A6EBAFC00DDED53 /* XCRemoteSwiftPackageReference "lottie-ios" */ = {
			isa = XCRemoteSwiftPackageReference;
			repositoryURL = "https://github.com/airbnb/lottie-ios.git";
			requirement = {
				kind = upToNextMajorVersion;
				minimumVersion = 4.0.0;
			};
		};
/* End XCRemoteSwiftPackageReference section */

/* Begin XCSwiftPackageProductDependency section */
		5091CD7C2A7A9EC5005D9A28 /* Kingfisher */ = {
			isa = XCSwiftPackageProductDependency;
			package = 5091CD7B2A7A9EC5005D9A28 /* XCRemoteSwiftPackageReference "Kingfisher" */;
			productName = Kingfisher;
		};
		509E2DFA2A77AB6E00638F06 /* Fastis */ = {
			isa = XCSwiftPackageProductDependency;
			package = 509E2DF92A77AB6E00638F06 /* XCRemoteSwiftPackageReference "Fastis" */;
			productName = Fastis;
		};
		50C3D0AC2A6EBAFC00DDED53 /* Lottie */ = {
			isa = XCSwiftPackageProductDependency;
			package = 50C3D0AB2A6EBAFC00DDED53 /* XCRemoteSwiftPackageReference "lottie-ios" */;
			productName = Lottie;
		};
/* End XCSwiftPackageProductDependency section */
	};
	rootObject = 50BB53352A6A7289000DE037 /* Project object */;
}
